// !$*UTF8*$!
{
	archiveVersion = 1;
	classes = {
	};
	objectVersion = 50;
	objects = {

/* Begin PBXBuildFile section */
		0901C69B25038A320051FF16 /* AppDelegate.swift in Sources */ = {isa = PBXBuildFile; fileRef = 0901C69A25038A320051FF16 /* AppDelegate.swift */; };
		0901C69D25038A320051FF16 /* SceneDelegate.swift in Sources */ = {isa = PBXBuildFile; fileRef = 0901C69C25038A320051FF16 /* SceneDelegate.swift */; };
		0901C6A525038A320051FF16 /* KingMaster.xcdatamodeld in Sources */ = {isa = PBXBuildFile; fileRef = 0901C6A325038A320051FF16 /* KingMaster.xcdatamodeld */; };
		0901C6A725038A340051FF16 /* Assets.xcassets in Resources */ = {isa = PBXBuildFile; fileRef = 0901C6A625038A340051FF16 /* Assets.xcassets */; };
		0901C6AA25038A340051FF16 /* LaunchScreen.storyboard in Resources */ = {isa = PBXBuildFile; fileRef = 0901C6A825038A340051FF16 /* LaunchScreen.storyboard */; };
		09195CDA2504C429006CC8A4 /* ScanAlbumsTableViewCell.swift in Sources */ = {isa = PBXBuildFile; fileRef = 09195CD92504C429006CC8A4 /* ScanAlbumsTableViewCell.swift */; };
		0922627425053E0B00BDDB90 /* DocumentGroupView.swift in Sources */ = {isa = PBXBuildFile; fileRef = 0922627125053E0B00BDDB90 /* DocumentGroupView.swift */; };
		0922627525053E0B00BDDB90 /* DocumentGroupViewController.swift in Sources */ = {isa = PBXBuildFile; fileRef = 0922627225053E0B00BDDB90 /* DocumentGroupViewController.swift */; };
		0922627625053E0B00BDDB90 /* DocumentGroupCollectionViewCell.swift in Sources */ = {isa = PBXBuildFile; fileRef = 0922627325053E0B00BDDB90 /* DocumentGroupCollectionViewCell.swift */; };
		092E85D5250659B300A01F60 /* DocumentGroupCoordinator.swift in Sources */ = {isa = PBXBuildFile; fileRef = 092E85D4250659B300A01F60 /* DocumentGroupCoordinator.swift */; };
		097A18A825046E660044D5FB /* ScanAlbumsViewController.swift in Sources */ = {isa = PBXBuildFile; fileRef = 097A18A725046E660044D5FB /* ScanAlbumsViewController.swift */; };
		097A18AC25046FD70044D5FB /* ScanAlbumsView.swift in Sources */ = {isa = PBXBuildFile; fileRef = 097A18AB25046FD70044D5FB /* ScanAlbumsView.swift */; };
		09C8ADAC2506511F004BA0F7 /* Coordinator.swift in Sources */ = {isa = PBXBuildFile; fileRef = 09C8ADAB2506511F004BA0F7 /* Coordinator.swift */; };
		09C8ADAE25065154004BA0F7 /* Router.swift in Sources */ = {isa = PBXBuildFile; fileRef = 09C8ADAD25065154004BA0F7 /* Router.swift */; };
		09C8ADB0250652BC004BA0F7 /* ScanAlbumsCoordinator.swift in Sources */ = {isa = PBXBuildFile; fileRef = 09C8ADAF250652BC004BA0F7 /* ScanAlbumsCoordinator.swift */; };
		09C8ADB2250653FF004BA0F7 /* AppCoordinator.swift in Sources */ = {isa = PBXBuildFile; fileRef = 09C8ADB1250653FF004BA0F7 /* AppCoordinator.swift */; };
		09FDB4A3252FED7E007E8D7A /* UserSetting.swift in Sources */ = {isa = PBXBuildFile; fileRef = 09FDB4A2252FED7E007E8D7A /* UserSetting.swift */; };
		09FDB4A4252FED7E007E8D7A /* UserSetting.swift in Sources */ = {isa = PBXBuildFile; fileRef = 09FDB4A2252FED7E007E8D7A /* UserSetting.swift */; };
		09FDB4A6252FEE5E007E8D7A /* AdaptiveParamUserSetting.swift in Sources */ = {isa = PBXBuildFile; fileRef = 09FDB4A5252FEE5E007E8D7A /* AdaptiveParamUserSetting.swift */; };
		09FDB4A7252FEE5E007E8D7A /* AdaptiveParamUserSetting.swift in Sources */ = {isa = PBXBuildFile; fileRef = 09FDB4A5252FEE5E007E8D7A /* AdaptiveParamUserSetting.swift */; };
		7206EAEF250C704B00A3DA4A /* GalleryViewController.swift in Sources */ = {isa = PBXBuildFile; fileRef = 7206EAEE250C704B00A3DA4A /* GalleryViewController.swift */; };
		7206EAF1250C73F200A3DA4A /* GalleryCoordinator.swift in Sources */ = {isa = PBXBuildFile; fileRef = 7206EAF0250C73F200A3DA4A /* GalleryCoordinator.swift */; };
		DC0932E325387625007C3A10 /* RBImageProcessor.framework in Frameworks */ = {isa = PBXBuildFile; fileRef = DC415C6B252CA193001AD7D2 /* RBImageProcessor.framework */; };
		DC0932E625387631007C3A10 /* CloudKit.framework in Frameworks */ = {isa = PBXBuildFile; fileRef = DC5A8F24253537BA00971510 /* CloudKit.framework */; };
		DC0932E825387632007C3A10 /* RBCameraDocScan.framework in Frameworks */ = {isa = PBXBuildFile; fileRef = DC972BBC25123F9800A6C43B /* RBCameraDocScan.framework */; };
		DC0932EA25387634007C3A10 /* RBPhotosGallery.framework in Frameworks */ = {isa = PBXBuildFile; fileRef = 099AB1FF2503E6C500B76522 /* RBPhotosGallery.framework */; };
		DC0932EC25387636007C3A10 /* RBToolkit.framework in Frameworks */ = {isa = PBXBuildFile; fileRef = 099AB2002503E6C600B76522 /* RBToolkit.framework */; };
		DC0932EF25387DD9007C3A10 /* RBImageProcessor.framework in Frameworks */ = {isa = PBXBuildFile; fileRef = DC415C6B252CA193001AD7D2 /* RBImageProcessor.framework */; };
		DC0FAC10253C462F0033593C /* LauncScreenViewController.swift in Sources */ = {isa = PBXBuildFile; fileRef = DC0FAC0F253C462F0033593C /* LauncScreenViewController.swift */; };
		DC0FAC11253C469E0033593C /* LauncScreenViewController.swift in Sources */ = {isa = PBXBuildFile; fileRef = DC0FAC0F253C462F0033593C /* LauncScreenViewController.swift */; };
		DC215A1C25166321006D409A /* QuadPoint+CoreDataClass.swift in Sources */ = {isa = PBXBuildFile; fileRef = DC215A1425166321006D409A /* QuadPoint+CoreDataClass.swift */; };
		DC215A1D25166321006D409A /* QuadPoint+CoreDataProperties.swift in Sources */ = {isa = PBXBuildFile; fileRef = DC215A1525166321006D409A /* QuadPoint+CoreDataProperties.swift */; };
		DC215A1E25166321006D409A /* Document+CoreDataClass.swift in Sources */ = {isa = PBXBuildFile; fileRef = DC215A1625166321006D409A /* Document+CoreDataClass.swift */; };
		DC215A1F25166321006D409A /* Document+CoreDataProperties.swift in Sources */ = {isa = PBXBuildFile; fileRef = DC215A1725166321006D409A /* Document+CoreDataProperties.swift */; };
		DC215A2025166321006D409A /* DocumentImage+CoreDataClass.swift in Sources */ = {isa = PBXBuildFile; fileRef = DC215A1825166321006D409A /* DocumentImage+CoreDataClass.swift */; };
		DC215A2125166321006D409A /* DocumentImage+CoreDataProperties.swift in Sources */ = {isa = PBXBuildFile; fileRef = DC215A1925166321006D409A /* DocumentImage+CoreDataProperties.swift */; };
		DC215A2225166321006D409A /* DocumentGroup+CoreDataClass.swift in Sources */ = {isa = PBXBuildFile; fileRef = DC215A1A25166321006D409A /* DocumentGroup+CoreDataClass.swift */; };
		DC215A2325166321006D409A /* DocumentGroup+CoreDataProperties.swift in Sources */ = {isa = PBXBuildFile; fileRef = DC215A1B25166321006D409A /* DocumentGroup+CoreDataProperties.swift */; };
		DC215A262516640E006D409A /* DataManager.swift in Sources */ = {isa = PBXBuildFile; fileRef = DC215A252516640E006D409A /* DataManager.swift */; };
		DC301E3F2558C37300E9B50D /* UIButton+Extension.swift in Sources */ = {isa = PBXBuildFile; fileRef = DC8DB881255851A000F8437F /* UIButton+Extension.swift */; };
		DC301E402558C38500E9B50D /* SettingCoordinator.swift in Sources */ = {isa = PBXBuildFile; fileRef = DC89011825580E41001318D7 /* SettingCoordinator.swift */; };
		DC301E412558C38D00E9B50D /* ConnectionStatusCoordinator.swift in Sources */ = {isa = PBXBuildFile; fileRef = DC8DB87F25584A3F00F8437F /* ConnectionStatusCoordinator.swift */; };
		DC301E432558D1BC00E9B50D /* UIViewController+Extension.swift in Sources */ = {isa = PBXBuildFile; fileRef = DC301E422558D1BC00E9B50D /* UIViewController+Extension.swift */; };
		DC301E442558D1BC00E9B50D /* UIViewController+Extension.swift in Sources */ = {isa = PBXBuildFile; fileRef = DC301E422558D1BC00E9B50D /* UIViewController+Extension.swift */; };
		DC39BC7A2514AF590067DF71 /* EditScanCoordinator.swift in Sources */ = {isa = PBXBuildFile; fileRef = DC39BC792514AF580067DF71 /* EditScanCoordinator.swift */; };
		DC3F5E96253159CB007B6B3E /* ErodeParamUserSetting.swift in Sources */ = {isa = PBXBuildFile; fileRef = DC3F5E95253159CB007B6B3E /* ErodeParamUserSetting.swift */; };
		DC3F5E9725315AEC007B6B3E /* ErodeParamUserSetting.swift in Sources */ = {isa = PBXBuildFile; fileRef = DC3F5E95253159CB007B6B3E /* ErodeParamUserSetting.swift */; };
		DC455AFA2568E89300A0089F /* ConnectionUserSetting.swift in Sources */ = {isa = PBXBuildFile; fileRef = DC455AF92568E89300A0089F /* ConnectionUserSetting.swift */; };
		DC455AFB2568E89300A0089F /* ConnectionUserSetting.swift in Sources */ = {isa = PBXBuildFile; fileRef = DC455AF92568E89300A0089F /* ConnectionUserSetting.swift */; };
		DC455B012568F0EC00A0089F /* WifiSelectionCoordinator.swift in Sources */ = {isa = PBXBuildFile; fileRef = DC455B002568F0EC00A0089F /* WifiSelectionCoordinator.swift */; };
		DC455B022568F0EC00A0089F /* WifiSelectionCoordinator.swift in Sources */ = {isa = PBXBuildFile; fileRef = DC455B002568F0EC00A0089F /* WifiSelectionCoordinator.swift */; };
		DC455B062568F20C00A0089F /* WifiSelectionTableViewController.swift in Sources */ = {isa = PBXBuildFile; fileRef = DC455B052568F20C00A0089F /* WifiSelectionTableViewController.swift */; };
		DC455B072568F20C00A0089F /* WifiSelectionTableViewController.swift in Sources */ = {isa = PBXBuildFile; fileRef = DC455B052568F20C00A0089F /* WifiSelectionTableViewController.swift */; };
		DC46E1452521686E000ED989 /* README.md in Resources */ = {isa = PBXBuildFile; fileRef = DC46E1442521686E000ED989 /* README.md */; };
		DC4CD0032514FB51000A84BC /* PreviewView.swift in Sources */ = {isa = PBXBuildFile; fileRef = DC4CD0022514FB51000A84BC /* PreviewView.swift */; };
		DC4CD0052514FB78000A84BC /* PreviewViewController.swift in Sources */ = {isa = PBXBuildFile; fileRef = DC4CD0042514FB78000A84BC /* PreviewViewController.swift */; };
		DC4F8D1A2560C81600EA616C /* ProductIDViewController.swift in Sources */ = {isa = PBXBuildFile; fileRef = DC4F8D192560C81600EA616C /* ProductIDViewController.swift */; };
		DC4F8D1B2560C81600EA616C /* ProductIDViewController.swift in Sources */ = {isa = PBXBuildFile; fileRef = DC4F8D192560C81600EA616C /* ProductIDViewController.swift */; };
		DC4F8D1C2560C81B00EA616C /* ProductIDView.swift in Sources */ = {isa = PBXBuildFile; fileRef = DCA49DDF255A210B007B6A7B /* ProductIDView.swift */; };
		DC4F8D1E2560CB0300EA616C /* ProductIDCoordinator.swift in Sources */ = {isa = PBXBuildFile; fileRef = DC4F8D1D2560CB0300EA616C /* ProductIDCoordinator.swift */; };
		DC4F8D1F2560CB0300EA616C /* ProductIDCoordinator.swift in Sources */ = {isa = PBXBuildFile; fileRef = DC4F8D1D2560CB0300EA616C /* ProductIDCoordinator.swift */; };
		DC4F8D212560DEB500EA616C /* NetworkExtension.framework in Frameworks */ = {isa = PBXBuildFile; fileRef = DC4F8D202560DEB500EA616C /* NetworkExtension.framework */; };
		DC4F8D232560E1A900EA616C /* UITextField+Extension.swift in Sources */ = {isa = PBXBuildFile; fileRef = DC4F8D222560E1A900EA616C /* UITextField+Extension.swift */; };
		DC4F8D242560E1A900EA616C /* UITextField+Extension.swift in Sources */ = {isa = PBXBuildFile; fileRef = DC4F8D222560E1A900EA616C /* UITextField+Extension.swift */; };
		DC5A8F25253537BA00971510 /* CloudKit.framework in Frameworks */ = {isa = PBXBuildFile; fileRef = DC5A8F24253537BA00971510 /* CloudKit.framework */; };
		DC7129912515736A00ACCB2B /* PreviewCoordinator.swift in Sources */ = {isa = PBXBuildFile; fileRef = DC7129902515736A00ACCB2B /* PreviewCoordinator.swift */; };
		DC7129942515743200ACCB2B /* PreviewData.swift in Sources */ = {isa = PBXBuildFile; fileRef = DC7129932515743200ACCB2B /* PreviewData.swift */; };
		DC75E59A25138C9400186F30 /* EditScanView.swift in Sources */ = {isa = PBXBuildFile; fileRef = DC75E59925138C9400186F30 /* EditScanView.swift */; };
		DC75E59C25138CBD00186F30 /* EditScanViewController.swift in Sources */ = {isa = PBXBuildFile; fileRef = DC75E59B25138CBD00186F30 /* EditScanViewController.swift */; };
		DC75E59F2513AA4700186F30 /* EditScanData.swift in Sources */ = {isa = PBXBuildFile; fileRef = DC75E59E2513AA4700186F30 /* EditScanData.swift */; };
		DC82CC952517058900403550 /* SCANDODateFormatter.swift in Sources */ = {isa = PBXBuildFile; fileRef = DC82CC942517058900403550 /* SCANDODateFormatter.swift */; };
		DC82CC972517109E00403550 /* PreviewModel.swift in Sources */ = {isa = PBXBuildFile; fileRef = DC82CC962517109E00403550 /* PreviewModel.swift */; };
		DC82E08E251ACCC800FB9CA7 /* GalleryCache.swift in Sources */ = {isa = PBXBuildFile; fileRef = DC82E08D251ACCC800FB9CA7 /* GalleryCache.swift */; };
		DC82E091251AD38B00FB9CA7 /* DocumentGroupData.swift in Sources */ = {isa = PBXBuildFile; fileRef = DC82E090251AD38B00FB9CA7 /* DocumentGroupData.swift */; };
		DC832C56251F4238001D54C0 /* RBCameraDocScan.bundle in Resources */ = {isa = PBXBuildFile; fileRef = DC832C55251F4238001D54C0 /* RBCameraDocScan.bundle */; };
		DC89011925580E41001318D7 /* SettingCoordinator.swift in Sources */ = {isa = PBXBuildFile; fileRef = DC89011825580E41001318D7 /* SettingCoordinator.swift */; };
		DC89011B25582A6A001318D7 /* ConnectionStatusView.swift in Sources */ = {isa = PBXBuildFile; fileRef = DC89011A25582A6A001318D7 /* ConnectionStatusView.swift */; };
		DC89011F25582C59001318D7 /* ConnectionStatusView.swift in Sources */ = {isa = PBXBuildFile; fileRef = DC89011A25582A6A001318D7 /* ConnectionStatusView.swift */; };
		DC89012425583FA9001318D7 /* ConnectionStatusViewController.swift in Sources */ = {isa = PBXBuildFile; fileRef = DC89012325583FA8001318D7 /* ConnectionStatusViewController.swift */; };
		DC89012525583FA9001318D7 /* ConnectionStatusViewController.swift in Sources */ = {isa = PBXBuildFile; fileRef = DC89012325583FA8001318D7 /* ConnectionStatusViewController.swift */; };
		DC8D715D256A90D6009B7606 /* NetworkRequest.swift in Sources */ = {isa = PBXBuildFile; fileRef = DC8D715C256A90D6009B7606 /* NetworkRequest.swift */; };
		DC8D715E256A90D6009B7606 /* NetworkRequest.swift in Sources */ = {isa = PBXBuildFile; fileRef = DC8D715C256A90D6009B7606 /* NetworkRequest.swift */; };
		DC8DB88025584A3F00F8437F /* ConnectionStatusCoordinator.swift in Sources */ = {isa = PBXBuildFile; fileRef = DC8DB87F25584A3F00F8437F /* ConnectionStatusCoordinator.swift */; };
		DC8DB882255851A000F8437F /* UIButton+Extension.swift in Sources */ = {isa = PBXBuildFile; fileRef = DC8DB881255851A000F8437F /* UIButton+Extension.swift */; };
		DC972BC12512454F00A6C43B /* CameraCoordinator.swift in Sources */ = {isa = PBXBuildFile; fileRef = DC972BC02512454F00A6C43B /* CameraCoordinator.swift */; };
		DC972BC4251258C400A6C43B /* ScanImagePickerCoordinator.swift in Sources */ = {isa = PBXBuildFile; fileRef = DC972BC3251258C400A6C43B /* ScanImagePickerCoordinator.swift */; };
		DC9F070E25314818005A517B /* DilateParamUserSetting.swift in Sources */ = {isa = PBXBuildFile; fileRef = DC9F070D25314818005A517B /* DilateParamUserSetting.swift */; };
		DC9F070F253149B5005A517B /* DilateParamUserSetting.swift in Sources */ = {isa = PBXBuildFile; fileRef = DC9F070D25314818005A517B /* DilateParamUserSetting.swift */; };
		DCA49DE0255A210B007B6A7B /* ProductIDView.swift in Sources */ = {isa = PBXBuildFile; fileRef = DCA49DDF255A210B007B6A7B /* ProductIDView.swift */; };
		DCAC3ED725158F6B00F5DD59 /* ThreadManager.swift in Sources */ = {isa = PBXBuildFile; fileRef = DCAC3ED625158F6B00F5DD59 /* ThreadManager.swift */; };
		DCB1B5E52512DC9D00B1630C /* GalleryView.swift in Sources */ = {isa = PBXBuildFile; fileRef = DCB1B5E42512DC9D00B1630C /* GalleryView.swift */; };
		DCB3CE4B251A4ED000D4EDFB /* ScanImagePickerData.swift in Sources */ = {isa = PBXBuildFile; fileRef = DCB3CE4A251A4ED000D4EDFB /* ScanImagePickerData.swift */; };
		DCB3CE4E251A5A4400D4EDFB /* GalleryData.swift in Sources */ = {isa = PBXBuildFile; fileRef = DCB3CE4D251A5A4400D4EDFB /* GalleryData.swift */; };
		DCB5C6C32556EFD700E87733 /* SettingView.swift in Sources */ = {isa = PBXBuildFile; fileRef = DCB5C6C22556EFD700E87733 /* SettingView.swift */; };
		DCB5C6C42556EFD700E87733 /* SettingView.swift in Sources */ = {isa = PBXBuildFile; fileRef = DCB5C6C22556EFD700E87733 /* SettingView.swift */; };
		DCB5C6C62556FA6900E87733 /* SettingViewController.swift in Sources */ = {isa = PBXBuildFile; fileRef = DCB5C6C52556FA6900E87733 /* SettingViewController.swift */; };
		DCB5C6C72556FA6900E87733 /* SettingViewController.swift in Sources */ = {isa = PBXBuildFile; fileRef = DCB5C6C52556FA6900E87733 /* SettingViewController.swift */; };
		DCB5C6CA2557063F00E87733 /* SettingModel.swift in Sources */ = {isa = PBXBuildFile; fileRef = DCB5C6C92557063F00E87733 /* SettingModel.swift */; };
		DCB5C6CB2557063F00E87733 /* SettingModel.swift in Sources */ = {isa = PBXBuildFile; fileRef = DCB5C6C92557063F00E87733 /* SettingModel.swift */; };
		DCB689402517AD29001AD049 /* CameraData.swift in Sources */ = {isa = PBXBuildFile; fileRef = DCB6893F2517AD29001AD049 /* CameraData.swift */; };
		DCC826E6252E047B00DBD037 /* FilterData.swift in Sources */ = {isa = PBXBuildFile; fileRef = DCC826E5252E047B00DBD037 /* FilterData.swift */; };
		DCC826E7252E04F600DBD037 /* FilterData.swift in Sources */ = {isa = PBXBuildFile; fileRef = DCC826E5252E047B00DBD037 /* FilterData.swift */; };
		DCD238ED252DF18400E7C0A3 /* FilterCoordinator.swift in Sources */ = {isa = PBXBuildFile; fileRef = DCD2C73F252D54C600CC391C /* FilterCoordinator.swift */; };
		DCD238EE252DF18700E7C0A3 /* FilterViewController.swift in Sources */ = {isa = PBXBuildFile; fileRef = DCD2C73D252D546500CC391C /* FilterViewController.swift */; };
		DCD238EF252DF18B00E7C0A3 /* FilterView.swift in Sources */ = {isa = PBXBuildFile; fileRef = DCD2C73B252D543500CC391C /* FilterView.swift */; };
		DCD2C73C252D543500CC391C /* FilterView.swift in Sources */ = {isa = PBXBuildFile; fileRef = DCD2C73B252D543500CC391C /* FilterView.swift */; };
		DCD2C73E252D546500CC391C /* FilterViewController.swift in Sources */ = {isa = PBXBuildFile; fileRef = DCD2C73D252D546500CC391C /* FilterViewController.swift */; };
		DCD2C740252D54C600CC391C /* FilterCoordinator.swift in Sources */ = {isa = PBXBuildFile; fileRef = DCD2C73F252D54C600CC391C /* FilterCoordinator.swift */; };
		DCD7350D252CACF70046775E /* Document+CoreDataProperties.swift in Sources */ = {isa = PBXBuildFile; fileRef = DC215A1725166321006D409A /* Document+CoreDataProperties.swift */; };
		DCD7350E252CACF70046775E /* SCANDODateFormatter.swift in Sources */ = {isa = PBXBuildFile; fileRef = DC82CC942517058900403550 /* SCANDODateFormatter.swift */; };
		DCD7350F252CACF70046775E /* Router.swift in Sources */ = {isa = PBXBuildFile; fileRef = 09C8ADAD25065154004BA0F7 /* Router.swift */; };
		DCD73510252CACF70046775E /* QuadPoint+CoreDataProperties.swift in Sources */ = {isa = PBXBuildFile; fileRef = DC215A1525166321006D409A /* QuadPoint+CoreDataProperties.swift */; };
		DCD73511252CACF70046775E /* SCANDOConstant.swift in Sources */ = {isa = PBXBuildFile; fileRef = DCE0E730250AFB5F00971B22 /* SCANDOConstant.swift */; };
		DCD73512252CACF70046775E /* ScanAlbumsViewController.swift in Sources */ = {isa = PBXBuildFile; fileRef = 097A18A725046E660044D5FB /* ScanAlbumsViewController.swift */; };
		DCD73513252CACF70046775E /* GalleryCoordinator.swift in Sources */ = {isa = PBXBuildFile; fileRef = 7206EAF0250C73F200A3DA4A /* GalleryCoordinator.swift */; };
		DCD73514252CACF70046775E /* AppCoordinator.swift in Sources */ = {isa = PBXBuildFile; fileRef = 09C8ADB1250653FF004BA0F7 /* AppCoordinator.swift */; };
		DCD73515252CACF70046775E /* PreviewModel.swift in Sources */ = {isa = PBXBuildFile; fileRef = DC82CC962517109E00403550 /* PreviewModel.swift */; };
		DCD73516252CACF70046775E /* ThreadManager.swift in Sources */ = {isa = PBXBuildFile; fileRef = DCAC3ED625158F6B00F5DD59 /* ThreadManager.swift */; };
		DCD73517252CACF70046775E /* EditScanView.swift in Sources */ = {isa = PBXBuildFile; fileRef = DC75E59925138C9400186F30 /* EditScanView.swift */; };
		DCD73518252CACF70046775E /* KingMaster.xcdatamodeld in Sources */ = {isa = PBXBuildFile; fileRef = 0901C6A325038A320051FF16 /* KingMaster.xcdatamodeld */; };
		DCD73519252CACF70046775E /* ScanAlbumsModel.swift in Sources */ = {isa = PBXBuildFile; fileRef = DCE922902516E4CB00A30804 /* ScanAlbumsModel.swift */; };
		DCD7351A252CACF70046775E /* Coordinator.swift in Sources */ = {isa = PBXBuildFile; fileRef = 09C8ADAB2506511F004BA0F7 /* Coordinator.swift */; };
		DCD7351B252CACF70046775E /* GalleryCache.swift in Sources */ = {isa = PBXBuildFile; fileRef = DC82E08D251ACCC800FB9CA7 /* GalleryCache.swift */; };
		DCD7351C252CACF70046775E /* ScanImagePickerCoordinator.swift in Sources */ = {isa = PBXBuildFile; fileRef = DC972BC3251258C400A6C43B /* ScanImagePickerCoordinator.swift */; };
		DCD7351D252CACF70046775E /* DocumentGroupViewController.swift in Sources */ = {isa = PBXBuildFile; fileRef = 0922627225053E0B00BDDB90 /* DocumentGroupViewController.swift */; };
		DCD7351E252CACF70046775E /* GalleryData.swift in Sources */ = {isa = PBXBuildFile; fileRef = DCB3CE4D251A5A4400D4EDFB /* GalleryData.swift */; };
		DCD7351F252CACF70046775E /* DocumentImage+CoreDataClass.swift in Sources */ = {isa = PBXBuildFile; fileRef = DC215A1825166321006D409A /* DocumentImage+CoreDataClass.swift */; };
		DCD73520252CACF70046775E /* DocumentImage+CoreDataProperties.swift in Sources */ = {isa = PBXBuildFile; fileRef = DC215A1925166321006D409A /* DocumentImage+CoreDataProperties.swift */; };
		DCD73521252CACF70046775E /* QuadPoint+CoreDataClass.swift in Sources */ = {isa = PBXBuildFile; fileRef = DC215A1425166321006D409A /* QuadPoint+CoreDataClass.swift */; };
		DCD73522252CACF70046775E /* PreviewCoordinator.swift in Sources */ = {isa = PBXBuildFile; fileRef = DC7129902515736A00ACCB2B /* PreviewCoordinator.swift */; };
		DCD73523252CACF70046775E /* PreviewView.swift in Sources */ = {isa = PBXBuildFile; fileRef = DC4CD0022514FB51000A84BC /* PreviewView.swift */; };
		DCD73524252CACF70046775E /* DocumentGroupData.swift in Sources */ = {isa = PBXBuildFile; fileRef = DC82E090251AD38B00FB9CA7 /* DocumentGroupData.swift */; };
		DCD73525252CACF70046775E /* CameraData.swift in Sources */ = {isa = PBXBuildFile; fileRef = DCB6893F2517AD29001AD049 /* CameraData.swift */; };
		DCD73526252CACF70046775E /* DocumentGroup+CoreDataProperties.swift in Sources */ = {isa = PBXBuildFile; fileRef = DC215A1B25166321006D409A /* DocumentGroup+CoreDataProperties.swift */; };
		DCD73527252CACF70046775E /* EditScanCoordinator.swift in Sources */ = {isa = PBXBuildFile; fileRef = DC39BC792514AF580067DF71 /* EditScanCoordinator.swift */; };
		DCD73528252CACF70046775E /* DocumentGroupView.swift in Sources */ = {isa = PBXBuildFile; fileRef = 0922627125053E0B00BDDB90 /* DocumentGroupView.swift */; };
		DCD73529252CACF70046775E /* ScanAlbumsTableViewCell.swift in Sources */ = {isa = PBXBuildFile; fileRef = 09195CD92504C429006CC8A4 /* ScanAlbumsTableViewCell.swift */; };
		DCD7352A252CACF70046775E /* CameraCoordinator.swift in Sources */ = {isa = PBXBuildFile; fileRef = DC972BC02512454F00A6C43B /* CameraCoordinator.swift */; };
		DCD7352B252CACF70046775E /* GalleryModel.swift in Sources */ = {isa = PBXBuildFile; fileRef = DCEBA926251B86C100932A0E /* GalleryModel.swift */; };
		DCD7352C252CACF70046775E /* ScanAlbumsCoordinator.swift in Sources */ = {isa = PBXBuildFile; fileRef = 09C8ADAF250652BC004BA0F7 /* ScanAlbumsCoordinator.swift */; };
		DCD7352D252CACF70046775E /* AppDelegate.swift in Sources */ = {isa = PBXBuildFile; fileRef = 0901C69A25038A320051FF16 /* AppDelegate.swift */; };
		DCD7352E252CACF70046775E /* ScanAlbumsView.swift in Sources */ = {isa = PBXBuildFile; fileRef = 097A18AB25046FD70044D5FB /* ScanAlbumsView.swift */; };
		DCD7352F252CACF70046775E /* PreviewData.swift in Sources */ = {isa = PBXBuildFile; fileRef = DC7129932515743200ACCB2B /* PreviewData.swift */; };
		DCD73530252CACF70046775E /* EditScanViewController.swift in Sources */ = {isa = PBXBuildFile; fileRef = DC75E59B25138CBD00186F30 /* EditScanViewController.swift */; };
		DCD73531252CACF70046775E /* DocumentGroupCoordinator.swift in Sources */ = {isa = PBXBuildFile; fileRef = 092E85D4250659B300A01F60 /* DocumentGroupCoordinator.swift */; };
		DCD73532252CACF70046775E /* SceneDelegate.swift in Sources */ = {isa = PBXBuildFile; fileRef = 0901C69C25038A320051FF16 /* SceneDelegate.swift */; };
		DCD73533252CACF70046775E /* ScanImagePickerData.swift in Sources */ = {isa = PBXBuildFile; fileRef = DCB3CE4A251A4ED000D4EDFB /* ScanImagePickerData.swift */; };
		DCD73534252CACF70046775E /* GalleryViewController.swift in Sources */ = {isa = PBXBuildFile; fileRef = 7206EAEE250C704B00A3DA4A /* GalleryViewController.swift */; };
		DCD73535252CACF70046775E /* PreviewViewController.swift in Sources */ = {isa = PBXBuildFile; fileRef = DC4CD0042514FB78000A84BC /* PreviewViewController.swift */; };
		DCD73536252CACF70046775E /* GalleryView.swift in Sources */ = {isa = PBXBuildFile; fileRef = DCB1B5E42512DC9D00B1630C /* GalleryView.swift */; };
		DCD73537252CACF70046775E /* DocumentGroupCollectionViewCell.swift in Sources */ = {isa = PBXBuildFile; fileRef = 0922627325053E0B00BDDB90 /* DocumentGroupCollectionViewCell.swift */; };
		DCD73538252CACF70046775E /* Document+CoreDataClass.swift in Sources */ = {isa = PBXBuildFile; fileRef = DC215A1625166321006D409A /* Document+CoreDataClass.swift */; };
		DCD73539252CACF70046775E /* EditScanData.swift in Sources */ = {isa = PBXBuildFile; fileRef = DC75E59E2513AA4700186F30 /* EditScanData.swift */; };
		DCD7353A252CACF70046775E /* DocumentGroup+CoreDataClass.swift in Sources */ = {isa = PBXBuildFile; fileRef = DC215A1A25166321006D409A /* DocumentGroup+CoreDataClass.swift */; };
		DCD7353B252CACF70046775E /* DataManager.swift in Sources */ = {isa = PBXBuildFile; fileRef = DC215A252516640E006D409A /* DataManager.swift */; };
		DCD7353C252CACF70046775E /* AlertView.swift in Sources */ = {isa = PBXBuildFile; fileRef = DCE0E732250AFE2300971B22 /* AlertView.swift */; };
		DCD7353E252CACF70046775E /* RBPhotosGallery.framework in Frameworks */ = {isa = PBXBuildFile; fileRef = 099AB1FF2503E6C500B76522 /* RBPhotosGallery.framework */; };
		DCD7353F252CACF70046775E /* RBToolkit.framework in Frameworks */ = {isa = PBXBuildFile; fileRef = 099AB2002503E6C600B76522 /* RBToolkit.framework */; };
		DCD73540252CACF70046775E /* RBCameraDocScan.framework in Frameworks */ = {isa = PBXBuildFile; fileRef = DC972BBC25123F9800A6C43B /* RBCameraDocScan.framework */; };
		DCD73542252CACF70046775E /* RBCameraDocScan.bundle in Resources */ = {isa = PBXBuildFile; fileRef = DC832C55251F4238001D54C0 /* RBCameraDocScan.bundle */; };
		DCD73543252CACF70046775E /* LaunchScreen.storyboard in Resources */ = {isa = PBXBuildFile; fileRef = 0901C6A825038A340051FF16 /* LaunchScreen.storyboard */; };
		DCD73544252CACF70046775E /* README.md in Resources */ = {isa = PBXBuildFile; fileRef = DC46E1442521686E000ED989 /* README.md */; };
		DCD73545252CACF70046775E /* Assets.xcassets in Resources */ = {isa = PBXBuildFile; fileRef = 0901C6A625038A340051FF16 /* Assets.xcassets */; };
		DCE0E731250AFB5F00971B22 /* SCANDOConstant.swift in Sources */ = {isa = PBXBuildFile; fileRef = DCE0E730250AFB5F00971B22 /* SCANDOConstant.swift */; };
		DCE0E733250AFE2300971B22 /* AlertView.swift in Sources */ = {isa = PBXBuildFile; fileRef = DCE0E732250AFE2300971B22 /* AlertView.swift */; };
		DCE922912516E4CB00A30804 /* ScanAlbumsModel.swift in Sources */ = {isa = PBXBuildFile; fileRef = DCE922902516E4CB00A30804 /* ScanAlbumsModel.swift */; };
		DCEBA927251B86C100932A0E /* GalleryModel.swift in Sources */ = {isa = PBXBuildFile; fileRef = DCEBA926251B86C100932A0E /* GalleryModel.swift */; };
/* End PBXBuildFile section */

/* Begin PBXFileReference section */
		0901C69725038A320051FF16 /* SCANDO.app */ = {isa = PBXFileReference; explicitFileType = wrapper.application; includeInIndex = 0; path = SCANDO.app; sourceTree = BUILT_PRODUCTS_DIR; };
		0901C69A25038A320051FF16 /* AppDelegate.swift */ = {isa = PBXFileReference; lastKnownFileType = sourcecode.swift; path = AppDelegate.swift; sourceTree = "<group>"; };
		0901C69C25038A320051FF16 /* SceneDelegate.swift */ = {isa = PBXFileReference; lastKnownFileType = sourcecode.swift; path = SceneDelegate.swift; sourceTree = "<group>"; };
		0901C6A425038A320051FF16 /* KingMaster.xcdatamodel */ = {isa = PBXFileReference; lastKnownFileType = wrapper.xcdatamodel; path = KingMaster.xcdatamodel; sourceTree = "<group>"; };
		0901C6A625038A340051FF16 /* Assets.xcassets */ = {isa = PBXFileReference; lastKnownFileType = folder.assetcatalog; path = Assets.xcassets; sourceTree = "<group>"; };
		0901C6A925038A340051FF16 /* Base */ = {isa = PBXFileReference; lastKnownFileType = file.storyboard; name = Base; path = Base.lproj/LaunchScreen.storyboard; sourceTree = "<group>"; };
		0901C6AB25038A340051FF16 /* Info.plist */ = {isa = PBXFileReference; lastKnownFileType = text.plist.xml; path = Info.plist; sourceTree = "<group>"; };
		09195CD92504C429006CC8A4 /* ScanAlbumsTableViewCell.swift */ = {isa = PBXFileReference; fileEncoding = 4; lastKnownFileType = sourcecode.swift; path = ScanAlbumsTableViewCell.swift; sourceTree = "<group>"; };
		0922627125053E0B00BDDB90 /* DocumentGroupView.swift */ = {isa = PBXFileReference; fileEncoding = 4; lastKnownFileType = sourcecode.swift; path = DocumentGroupView.swift; sourceTree = "<group>"; };
		0922627225053E0B00BDDB90 /* DocumentGroupViewController.swift */ = {isa = PBXFileReference; fileEncoding = 4; lastKnownFileType = sourcecode.swift; path = DocumentGroupViewController.swift; sourceTree = "<group>"; };
		0922627325053E0B00BDDB90 /* DocumentGroupCollectionViewCell.swift */ = {isa = PBXFileReference; fileEncoding = 4; lastKnownFileType = sourcecode.swift; path = DocumentGroupCollectionViewCell.swift; sourceTree = "<group>"; };
		092E85D4250659B300A01F60 /* DocumentGroupCoordinator.swift */ = {isa = PBXFileReference; lastKnownFileType = sourcecode.swift; path = DocumentGroupCoordinator.swift; sourceTree = "<group>"; };
		097A18A725046E660044D5FB /* ScanAlbumsViewController.swift */ = {isa = PBXFileReference; lastKnownFileType = sourcecode.swift; path = ScanAlbumsViewController.swift; sourceTree = "<group>"; };
		097A18AB25046FD70044D5FB /* ScanAlbumsView.swift */ = {isa = PBXFileReference; lastKnownFileType = sourcecode.swift; path = ScanAlbumsView.swift; sourceTree = "<group>"; };
		099AB1FF2503E6C500B76522 /* RBPhotosGallery.framework */ = {isa = PBXFileReference; lastKnownFileType = wrapper.framework; name = RBPhotosGallery.framework; path = Carthage/Build/iOS/RBPhotosGallery.framework; sourceTree = "<group>"; };
		099AB2002503E6C600B76522 /* RBToolkit.framework */ = {isa = PBXFileReference; lastKnownFileType = wrapper.framework; name = RBToolkit.framework; path = Carthage/Build/iOS/RBToolkit.framework; sourceTree = "<group>"; };
		09C8ADAB2506511F004BA0F7 /* Coordinator.swift */ = {isa = PBXFileReference; lastKnownFileType = sourcecode.swift; path = Coordinator.swift; sourceTree = "<group>"; };
		09C8ADAD25065154004BA0F7 /* Router.swift */ = {isa = PBXFileReference; lastKnownFileType = sourcecode.swift; path = Router.swift; sourceTree = "<group>"; };
		09C8ADAF250652BC004BA0F7 /* ScanAlbumsCoordinator.swift */ = {isa = PBXFileReference; lastKnownFileType = sourcecode.swift; path = ScanAlbumsCoordinator.swift; sourceTree = "<group>"; };
		09C8ADB1250653FF004BA0F7 /* AppCoordinator.swift */ = {isa = PBXFileReference; lastKnownFileType = sourcecode.swift; path = AppCoordinator.swift; sourceTree = "<group>"; };
		09FDB4A2252FED7E007E8D7A /* UserSetting.swift */ = {isa = PBXFileReference; lastKnownFileType = sourcecode.swift; path = UserSetting.swift; sourceTree = "<group>"; };
		09FDB4A5252FEE5E007E8D7A /* AdaptiveParamUserSetting.swift */ = {isa = PBXFileReference; lastKnownFileType = sourcecode.swift; path = AdaptiveParamUserSetting.swift; sourceTree = "<group>"; };
		7206EAEE250C704B00A3DA4A /* GalleryViewController.swift */ = {isa = PBXFileReference; lastKnownFileType = sourcecode.swift; path = GalleryViewController.swift; sourceTree = "<group>"; };
		7206EAF0250C73F200A3DA4A /* GalleryCoordinator.swift */ = {isa = PBXFileReference; lastKnownFileType = sourcecode.swift; path = GalleryCoordinator.swift; sourceTree = "<group>"; };
		DC0FAC0F253C462F0033593C /* LauncScreenViewController.swift */ = {isa = PBXFileReference; lastKnownFileType = sourcecode.swift; path = LauncScreenViewController.swift; sourceTree = "<group>"; };
		DC215A1425166321006D409A /* QuadPoint+CoreDataClass.swift */ = {isa = PBXFileReference; lastKnownFileType = sourcecode.swift; path = "QuadPoint+CoreDataClass.swift"; sourceTree = "<group>"; };
		DC215A1525166321006D409A /* QuadPoint+CoreDataProperties.swift */ = {isa = PBXFileReference; lastKnownFileType = sourcecode.swift; path = "QuadPoint+CoreDataProperties.swift"; sourceTree = "<group>"; };
		DC215A1625166321006D409A /* Document+CoreDataClass.swift */ = {isa = PBXFileReference; lastKnownFileType = sourcecode.swift; path = "Document+CoreDataClass.swift"; sourceTree = "<group>"; };
		DC215A1725166321006D409A /* Document+CoreDataProperties.swift */ = {isa = PBXFileReference; lastKnownFileType = sourcecode.swift; path = "Document+CoreDataProperties.swift"; sourceTree = "<group>"; };
		DC215A1825166321006D409A /* DocumentImage+CoreDataClass.swift */ = {isa = PBXFileReference; lastKnownFileType = sourcecode.swift; path = "DocumentImage+CoreDataClass.swift"; sourceTree = "<group>"; };
		DC215A1925166321006D409A /* DocumentImage+CoreDataProperties.swift */ = {isa = PBXFileReference; lastKnownFileType = sourcecode.swift; path = "DocumentImage+CoreDataProperties.swift"; sourceTree = "<group>"; };
		DC215A1A25166321006D409A /* DocumentGroup+CoreDataClass.swift */ = {isa = PBXFileReference; lastKnownFileType = sourcecode.swift; path = "DocumentGroup+CoreDataClass.swift"; sourceTree = "<group>"; };
		DC215A1B25166321006D409A /* DocumentGroup+CoreDataProperties.swift */ = {isa = PBXFileReference; lastKnownFileType = sourcecode.swift; path = "DocumentGroup+CoreDataProperties.swift"; sourceTree = "<group>"; };
		DC215A252516640E006D409A /* DataManager.swift */ = {isa = PBXFileReference; lastKnownFileType = sourcecode.swift; path = DataManager.swift; sourceTree = "<group>"; };
		DC301E422558D1BC00E9B50D /* UIViewController+Extension.swift */ = {isa = PBXFileReference; lastKnownFileType = sourcecode.swift; path = "UIViewController+Extension.swift"; sourceTree = "<group>"; };
		DC39BC792514AF580067DF71 /* EditScanCoordinator.swift */ = {isa = PBXFileReference; lastKnownFileType = sourcecode.swift; path = EditScanCoordinator.swift; sourceTree = "<group>"; };
		DC3F5E95253159CB007B6B3E /* ErodeParamUserSetting.swift */ = {isa = PBXFileReference; lastKnownFileType = sourcecode.swift; path = ErodeParamUserSetting.swift; sourceTree = "<group>"; };
		DC415C6B252CA193001AD7D2 /* RBImageProcessor.framework */ = {isa = PBXFileReference; lastKnownFileType = wrapper.framework; name = RBImageProcessor.framework; path = Carthage/Build/iOS/RBImageProcessor.framework; sourceTree = "<group>"; };
		DC455AF92568E89300A0089F /* ConnectionUserSetting.swift */ = {isa = PBXFileReference; lastKnownFileType = sourcecode.swift; path = ConnectionUserSetting.swift; sourceTree = "<group>"; };
		DC455B002568F0EC00A0089F /* WifiSelectionCoordinator.swift */ = {isa = PBXFileReference; lastKnownFileType = sourcecode.swift; path = WifiSelectionCoordinator.swift; sourceTree = "<group>"; };
		DC455B052568F20C00A0089F /* WifiSelectionTableViewController.swift */ = {isa = PBXFileReference; lastKnownFileType = sourcecode.swift; path = WifiSelectionTableViewController.swift; sourceTree = "<group>"; };
		DC46E1442521686E000ED989 /* README.md */ = {isa = PBXFileReference; fileEncoding = 4; lastKnownFileType = net.daringfireball.markdown; path = README.md; sourceTree = "<group>"; };
		DC4CD0022514FB51000A84BC /* PreviewView.swift */ = {isa = PBXFileReference; lastKnownFileType = sourcecode.swift; path = PreviewView.swift; sourceTree = "<group>"; };
		DC4CD0042514FB78000A84BC /* PreviewViewController.swift */ = {isa = PBXFileReference; lastKnownFileType = sourcecode.swift; path = PreviewViewController.swift; sourceTree = "<group>"; };
		DC4F8D192560C81600EA616C /* ProductIDViewController.swift */ = {isa = PBXFileReference; lastKnownFileType = sourcecode.swift; path = ProductIDViewController.swift; sourceTree = "<group>"; };
		DC4F8D1D2560CB0300EA616C /* ProductIDCoordinator.swift */ = {isa = PBXFileReference; lastKnownFileType = sourcecode.swift; path = ProductIDCoordinator.swift; sourceTree = "<group>"; };
		DC4F8D202560DEB500EA616C /* NetworkExtension.framework */ = {isa = PBXFileReference; lastKnownFileType = wrapper.framework; name = NetworkExtension.framework; path = System/Library/Frameworks/NetworkExtension.framework; sourceTree = SDKROOT; };
		DC4F8D222560E1A900EA616C /* UITextField+Extension.swift */ = {isa = PBXFileReference; lastKnownFileType = sourcecode.swift; path = "UITextField+Extension.swift"; sourceTree = "<group>"; };
		DC5A8F232535377A00971510 /* DEV🛠.entitlements */ = {isa = PBXFileReference; lastKnownFileType = text.plist.entitlements; path = "DEV🛠.entitlements"; sourceTree = "<group>"; };
		DC5A8F24253537BA00971510 /* CloudKit.framework */ = {isa = PBXFileReference; lastKnownFileType = wrapper.framework; name = CloudKit.framework; path = System/Library/Frameworks/CloudKit.framework; sourceTree = SDKROOT; };
		DC7129902515736A00ACCB2B /* PreviewCoordinator.swift */ = {isa = PBXFileReference; lastKnownFileType = sourcecode.swift; path = PreviewCoordinator.swift; sourceTree = "<group>"; };
		DC7129932515743200ACCB2B /* PreviewData.swift */ = {isa = PBXFileReference; lastKnownFileType = sourcecode.swift; path = PreviewData.swift; sourceTree = "<group>"; };
		DC75E59925138C9400186F30 /* EditScanView.swift */ = {isa = PBXFileReference; lastKnownFileType = sourcecode.swift; path = EditScanView.swift; sourceTree = "<group>"; };
		DC75E59B25138CBD00186F30 /* EditScanViewController.swift */ = {isa = PBXFileReference; lastKnownFileType = sourcecode.swift; path = EditScanViewController.swift; sourceTree = "<group>"; };
		DC75E59E2513AA4700186F30 /* EditScanData.swift */ = {isa = PBXFileReference; lastKnownFileType = sourcecode.swift; path = EditScanData.swift; sourceTree = "<group>"; };
		DC82CC942517058900403550 /* SCANDODateFormatter.swift */ = {isa = PBXFileReference; lastKnownFileType = sourcecode.swift; path = SCANDODateFormatter.swift; sourceTree = "<group>"; };
		DC82CC962517109E00403550 /* PreviewModel.swift */ = {isa = PBXFileReference; lastKnownFileType = sourcecode.swift; path = PreviewModel.swift; sourceTree = "<group>"; };
		DC82E08D251ACCC800FB9CA7 /* GalleryCache.swift */ = {isa = PBXFileReference; lastKnownFileType = sourcecode.swift; path = GalleryCache.swift; sourceTree = "<group>"; };
		DC82E090251AD38B00FB9CA7 /* DocumentGroupData.swift */ = {isa = PBXFileReference; lastKnownFileType = sourcecode.swift; path = DocumentGroupData.swift; sourceTree = "<group>"; };
		DC832C55251F4238001D54C0 /* RBCameraDocScan.bundle */ = {isa = PBXFileReference; lastKnownFileType = "wrapper.plug-in"; name = RBCameraDocScan.bundle; path = Carthage/Build/iOS/RBCameraDocScan.framework/RBCameraDocScan.bundle; sourceTree = "<group>"; };
		DC89011825580E41001318D7 /* SettingCoordinator.swift */ = {isa = PBXFileReference; lastKnownFileType = sourcecode.swift; path = SettingCoordinator.swift; sourceTree = "<group>"; };
		DC89011A25582A6A001318D7 /* ConnectionStatusView.swift */ = {isa = PBXFileReference; lastKnownFileType = sourcecode.swift; path = ConnectionStatusView.swift; sourceTree = "<group>"; };
		DC89012325583FA8001318D7 /* ConnectionStatusViewController.swift */ = {isa = PBXFileReference; lastKnownFileType = sourcecode.swift; path = ConnectionStatusViewController.swift; sourceTree = "<group>"; };
		DC8D715C256A90D6009B7606 /* NetworkRequest.swift */ = {isa = PBXFileReference; lastKnownFileType = sourcecode.swift; path = NetworkRequest.swift; sourceTree = "<group>"; };
		DC8DB87F25584A3F00F8437F /* ConnectionStatusCoordinator.swift */ = {isa = PBXFileReference; lastKnownFileType = sourcecode.swift; path = ConnectionStatusCoordinator.swift; sourceTree = "<group>"; };
		DC8DB881255851A000F8437F /* UIButton+Extension.swift */ = {isa = PBXFileReference; lastKnownFileType = sourcecode.swift; path = "UIButton+Extension.swift"; sourceTree = "<group>"; };
		DC972BBC25123F9800A6C43B /* RBCameraDocScan.framework */ = {isa = PBXFileReference; lastKnownFileType = wrapper.framework; name = RBCameraDocScan.framework; path = Carthage/Build/iOS/RBCameraDocScan.framework; sourceTree = "<group>"; };
		DC972BC02512454F00A6C43B /* CameraCoordinator.swift */ = {isa = PBXFileReference; lastKnownFileType = sourcecode.swift; path = CameraCoordinator.swift; sourceTree = "<group>"; };
		DC972BC3251258C400A6C43B /* ScanImagePickerCoordinator.swift */ = {isa = PBXFileReference; lastKnownFileType = sourcecode.swift; path = ScanImagePickerCoordinator.swift; sourceTree = "<group>"; };
		DC9F070D25314818005A517B /* DilateParamUserSetting.swift */ = {isa = PBXFileReference; lastKnownFileType = sourcecode.swift; path = DilateParamUserSetting.swift; sourceTree = "<group>"; };
		DCA49DDF255A210B007B6A7B /* ProductIDView.swift */ = {isa = PBXFileReference; lastKnownFileType = sourcecode.swift; path = ProductIDView.swift; sourceTree = "<group>"; };
		DCAC3ED625158F6B00F5DD59 /* ThreadManager.swift */ = {isa = PBXFileReference; lastKnownFileType = sourcecode.swift; path = ThreadManager.swift; sourceTree = "<group>"; };
		DCB1B5E42512DC9D00B1630C /* GalleryView.swift */ = {isa = PBXFileReference; lastKnownFileType = sourcecode.swift; path = GalleryView.swift; sourceTree = "<group>"; };
		DCB3CE4A251A4ED000D4EDFB /* ScanImagePickerData.swift */ = {isa = PBXFileReference; lastKnownFileType = sourcecode.swift; path = ScanImagePickerData.swift; sourceTree = "<group>"; };
		DCB3CE4D251A5A4400D4EDFB /* GalleryData.swift */ = {isa = PBXFileReference; lastKnownFileType = sourcecode.swift; path = GalleryData.swift; sourceTree = "<group>"; };
		DCB5C6C22556EFD700E87733 /* SettingView.swift */ = {isa = PBXFileReference; lastKnownFileType = sourcecode.swift; path = SettingView.swift; sourceTree = "<group>"; };
		DCB5C6C52556FA6900E87733 /* SettingViewController.swift */ = {isa = PBXFileReference; lastKnownFileType = sourcecode.swift; path = SettingViewController.swift; sourceTree = "<group>"; };
		DCB5C6C92557063F00E87733 /* SettingModel.swift */ = {isa = PBXFileReference; lastKnownFileType = sourcecode.swift; path = SettingModel.swift; sourceTree = "<group>"; };
		DCB6893F2517AD29001AD049 /* CameraData.swift */ = {isa = PBXFileReference; lastKnownFileType = sourcecode.swift; path = CameraData.swift; sourceTree = "<group>"; };
		DCC826E5252E047B00DBD037 /* FilterData.swift */ = {isa = PBXFileReference; lastKnownFileType = sourcecode.swift; path = FilterData.swift; sourceTree = "<group>"; };
		DCD2C73B252D543500CC391C /* FilterView.swift */ = {isa = PBXFileReference; lastKnownFileType = sourcecode.swift; path = FilterView.swift; sourceTree = "<group>"; };
		DCD2C73D252D546500CC391C /* FilterViewController.swift */ = {isa = PBXFileReference; lastKnownFileType = sourcecode.swift; path = FilterViewController.swift; sourceTree = "<group>"; };
		DCD2C73F252D54C600CC391C /* FilterCoordinator.swift */ = {isa = PBXFileReference; lastKnownFileType = sourcecode.swift; path = FilterCoordinator.swift; sourceTree = "<group>"; };
		DCD7354E252CACF70046775E /* DEV🛠.app */ = {isa = PBXFileReference; explicitFileType = wrapper.application; includeInIndex = 0; path = "DEV🛠.app"; sourceTree = BUILT_PRODUCTS_DIR; };
		DCE0E730250AFB5F00971B22 /* SCANDOConstant.swift */ = {isa = PBXFileReference; lastKnownFileType = sourcecode.swift; path = SCANDOConstant.swift; sourceTree = "<group>"; };
		DCE0E732250AFE2300971B22 /* AlertView.swift */ = {isa = PBXFileReference; lastKnownFileType = sourcecode.swift; path = AlertView.swift; sourceTree = "<group>"; };
		DCE922902516E4CB00A30804 /* ScanAlbumsModel.swift */ = {isa = PBXFileReference; lastKnownFileType = sourcecode.swift; path = ScanAlbumsModel.swift; sourceTree = "<group>"; };
		DCEBA926251B86C100932A0E /* GalleryModel.swift */ = {isa = PBXFileReference; lastKnownFileType = sourcecode.swift; path = GalleryModel.swift; sourceTree = "<group>"; };
		DCEFA2F0253684640082EF54 /* SCANDO.entitlements */ = {isa = PBXFileReference; lastKnownFileType = text.plist.entitlements; path = SCANDO.entitlements; sourceTree = "<group>"; };
/* End PBXFileReference section */

/* Begin PBXFrameworksBuildPhase section */
		0901C69425038A320051FF16 /* Frameworks */ = {
			isa = PBXFrameworksBuildPhase;
			buildActionMask = 2147483647;
			files = (
				DC0932E625387631007C3A10 /* CloudKit.framework in Frameworks */,
				DC4F8D212560DEB500EA616C /* NetworkExtension.framework in Frameworks */,
				DC0932E325387625007C3A10 /* RBImageProcessor.framework in Frameworks */,
				DC0932EA25387634007C3A10 /* RBPhotosGallery.framework in Frameworks */,
				DC0932EC25387636007C3A10 /* RBToolkit.framework in Frameworks */,
				DC0932E825387632007C3A10 /* RBCameraDocScan.framework in Frameworks */,
			);
			runOnlyForDeploymentPostprocessing = 0;
		};
		DCD7353D252CACF70046775E /* Frameworks */ = {
			isa = PBXFrameworksBuildPhase;
			buildActionMask = 2147483647;
			files = (
				DC5A8F25253537BA00971510 /* CloudKit.framework in Frameworks */,
				DC0932EF25387DD9007C3A10 /* RBImageProcessor.framework in Frameworks */,
				DCD7353E252CACF70046775E /* RBPhotosGallery.framework in Frameworks */,
				DCD7353F252CACF70046775E /* RBToolkit.framework in Frameworks */,
				DCD73540252CACF70046775E /* RBCameraDocScan.framework in Frameworks */,
			);
			runOnlyForDeploymentPostprocessing = 0;
		};
/* End PBXFrameworksBuildPhase section */

/* Begin PBXGroup section */
		0901C68E25038A320051FF16 = {
			isa = PBXGroup;
			children = (
				DC46E1442521686E000ED989 /* README.md */,
				0901C69925038A320051FF16 /* KingMaster */,
				0901C69825038A320051FF16 /* Products */,
				099AB1FE2503E6C500B76522 /* Frameworks */,
			);
			sourceTree = "<group>";
		};
		0901C69825038A320051FF16 /* Products */ = {
			isa = PBXGroup;
			children = (
				0901C69725038A320051FF16 /* SCANDO.app */,
				DCD7354E252CACF70046775E /* DEV🛠.app */,
			);
			name = Products;
			sourceTree = "<group>";
		};
		0901C69925038A320051FF16 /* KingMaster */ = {
			isa = PBXGroup;
			children = (
				0901C69A25038A320051FF16 /* AppDelegate.swift */,
				0901C69C25038A320051FF16 /* SceneDelegate.swift */,
				09C8ADB1250653FF004BA0F7 /* AppCoordinator.swift */,
				DC215A032516618A006D409A /* Data */,
				097A18A525046CED0044D5FB /* Screen */,
				09C8ADA9250650E7004BA0F7 /* Common */,
				0901C6A625038A340051FF16 /* Assets.xcassets */,
				0901C6A825038A340051FF16 /* LaunchScreen.storyboard */,
				0901C6AB25038A340051FF16 /* Info.plist */,
				0901C6A325038A320051FF16 /* KingMaster.xcdatamodeld */,
			);
			path = KingMaster;
			sourceTree = "<group>";
		};
		0922627725053E1600BDDB90 /* DocumentGroup */ = {
			isa = PBXGroup;
			children = (
				092E85D4250659B300A01F60 /* DocumentGroupCoordinator.swift */,
				0922627225053E0B00BDDB90 /* DocumentGroupViewController.swift */,
				DC82E08F251AD36900FB9CA7 /* Models */,
				0922627925053E2E00BDDB90 /* Views */,
			);
			path = DocumentGroup;
			sourceTree = "<group>";
		};
		0922627925053E2E00BDDB90 /* Views */ = {
			isa = PBXGroup;
			children = (
				0922627125053E0B00BDDB90 /* DocumentGroupView.swift */,
				0922627325053E0B00BDDB90 /* DocumentGroupCollectionViewCell.swift */,
			);
			path = Views;
			sourceTree = "<group>";
		};
		097A18A525046CED0044D5FB /* Screen */ = {
			isa = PBXGroup;
			children = (
				DC0FAC0E253C3E4E0033593C /* LaunchScreen */,
				097A18A625046D540044D5FB /* ScanAlbums */,
				0922627725053E1600BDDB90 /* DocumentGroup */,
				DC972BBF2512453A00A6C43B /* Camera */,
				DC972BC2251258AD00A6C43B /* ScanImagePicker */,
				7206EAED250C6D8200A3DA4A /* Gallery */,
				DC75E59725138C3200186F30 /* EditScan */,
				DC4CD0002514FB08000A84BC /* Preview */,
				DCB5C6C02556EF9B00E87733 /* SettingScreen */,
				DCD2C739252D540F00CC391C /* Filter */,
			);
			path = Screen;
			sourceTree = "<group>";
		};
		097A18A625046D540044D5FB /* ScanAlbums */ = {
			isa = PBXGroup;
			children = (
				09C8ADAF250652BC004BA0F7 /* ScanAlbumsCoordinator.swift */,
				097A18A725046E660044D5FB /* ScanAlbumsViewController.swift */,
				DCE9228F2516E4BA00A30804 /* Models */,
				097A18AA25046F980044D5FB /* Views */,
			);
			path = ScanAlbums;
			sourceTree = "<group>";
		};
		097A18AA25046F980044D5FB /* Views */ = {
			isa = PBXGroup;
			children = (
				097A18AB25046FD70044D5FB /* ScanAlbumsView.swift */,
				09195CD92504C429006CC8A4 /* ScanAlbumsTableViewCell.swift */,
			);
			path = Views;
			sourceTree = "<group>";
		};
		099AB1FE2503E6C500B76522 /* Frameworks */ = {
			isa = PBXGroup;
			children = (
				DC4F8D202560DEB500EA616C /* NetworkExtension.framework */,
				DC5A8F24253537BA00971510 /* CloudKit.framework */,
				DC832C57251F42D3001D54C0 /* Bundles */,
				DC415C6B252CA193001AD7D2 /* RBImageProcessor.framework */,
				DC972BBC25123F9800A6C43B /* RBCameraDocScan.framework */,
				099AB1FF2503E6C500B76522 /* RBPhotosGallery.framework */,
				099AB2002503E6C600B76522 /* RBToolkit.framework */,
			);
			name = Frameworks;
			sourceTree = "<group>";
		};
		09C8ADA9250650E7004BA0F7 /* Common */ = {
			isa = PBXGroup;
			children = (
				DCE0E72F250AFB3700971B22 /* Constant */,
				DCE0E72E250AFB2C00971B22 /* Components */,
				DCC58869251F5774008EFD7B /* Extension */,
				09C8ADAA2506510D004BA0F7 /* Flow */,
				DCAC3ED525158F5700F5DD59 /* Utils */,
			);
			path = Common;
			sourceTree = "<group>";
		};
		09C8ADAA2506510D004BA0F7 /* Flow */ = {
			isa = PBXGroup;
			children = (
				09C8ADAB2506511F004BA0F7 /* Coordinator.swift */,
				09C8ADAD25065154004BA0F7 /* Router.swift */,
			);
			path = Flow;
			sourceTree = "<group>";
		};
		7206EAED250C6D8200A3DA4A /* Gallery */ = {
			isa = PBXGroup;
			children = (
				7206EAF0250C73F200A3DA4A /* GalleryCoordinator.swift */,
				7206EAEE250C704B00A3DA4A /* GalleryViewController.swift */,
				DCB3CE4C251A5A3500D4EDFB /* Models */,
				DCB1B5E32512DC6A00B1630C /* Views */,
			);
			path = Gallery;
			sourceTree = "<group>";
		};
		DC0FAC0E253C3E4E0033593C /* LaunchScreen */ = {
			isa = PBXGroup;
			children = (
				DC0FAC0F253C462F0033593C /* LauncScreenViewController.swift */,
			);
			path = LaunchScreen;
			sourceTree = "<group>";
		};
		DC215A032516618A006D409A /* Data */ = {
			isa = PBXGroup;
			children = (
				DC215A252516640E006D409A /* DataManager.swift */,
				DC215A24251663EB006D409A /* CoreDataModels */,
				DCE7EE3C25367ED100D7B074 /* CloudKitEntitlements */,
			);
			path = Data;
			sourceTree = "<group>";
		};
		DC215A24251663EB006D409A /* CoreDataModels */ = {
			isa = PBXGroup;
			children = (
				DC215A1425166321006D409A /* QuadPoint+CoreDataClass.swift */,
				DC215A1525166321006D409A /* QuadPoint+CoreDataProperties.swift */,
				DC215A1625166321006D409A /* Document+CoreDataClass.swift */,
				DC215A1725166321006D409A /* Document+CoreDataProperties.swift */,
				DC215A1825166321006D409A /* DocumentImage+CoreDataClass.swift */,
				DC215A1925166321006D409A /* DocumentImage+CoreDataProperties.swift */,
				DC215A1A25166321006D409A /* DocumentGroup+CoreDataClass.swift */,
				DC215A1B25166321006D409A /* DocumentGroup+CoreDataProperties.swift */,
			);
			path = CoreDataModels;
			sourceTree = "<group>";
		};
		DC4CD0002514FB08000A84BC /* Preview */ = {
			isa = PBXGroup;
			children = (
				DC7129902515736A00ACCB2B /* PreviewCoordinator.swift */,
				DC4CD0042514FB78000A84BC /* PreviewViewController.swift */,
				DC7129922515741B00ACCB2B /* Models */,
				DC4CD0012514FB1F000A84BC /* Views */,
			);
			path = Preview;
			sourceTree = "<group>";
		};
		DC4CD0012514FB1F000A84BC /* Views */ = {
			isa = PBXGroup;
			children = (
				DC4CD0022514FB51000A84BC /* PreviewView.swift */,
			);
			path = Views;
			sourceTree = "<group>";
		};
		DC7129922515741B00ACCB2B /* Models */ = {
			isa = PBXGroup;
			children = (
				DC7129932515743200ACCB2B /* PreviewData.swift */,
				DC82CC962517109E00403550 /* PreviewModel.swift */,
			);
			path = Models;
			sourceTree = "<group>";
		};
		DC75E59725138C3200186F30 /* EditScan */ = {
			isa = PBXGroup;
			children = (
				DC39BC792514AF580067DF71 /* EditScanCoordinator.swift */,
				DC75E59B25138CBD00186F30 /* EditScanViewController.swift */,
				DC75E59D2513AA2900186F30 /* Models */,
				DC75E59825138C4E00186F30 /* Views */,
			);
			path = EditScan;
			sourceTree = "<group>";
		};
		DC75E59825138C4E00186F30 /* Views */ = {
			isa = PBXGroup;
			children = (
				DC75E59925138C9400186F30 /* EditScanView.swift */,
			);
			path = Views;
			sourceTree = "<group>";
		};
		DC75E59D2513AA2900186F30 /* Models */ = {
			isa = PBXGroup;
			children = (
				DC75E59E2513AA4700186F30 /* EditScanData.swift */,
			);
			path = Models;
			sourceTree = "<group>";
		};
		DC82E08F251AD36900FB9CA7 /* Models */ = {
			isa = PBXGroup;
			children = (
				DC82E090251AD38B00FB9CA7 /* DocumentGroupData.swift */,
			);
			path = Models;
			sourceTree = "<group>";
		};
		DC832C57251F42D3001D54C0 /* Bundles */ = {
			isa = PBXGroup;
			children = (
				DC832C55251F4238001D54C0 /* RBCameraDocScan.bundle */,
			);
			name = Bundles;
			sourceTree = "<group>";
		};
		DC972BBF2512453A00A6C43B /* Camera */ = {
			isa = PBXGroup;
			children = (
				DC972BC02512454F00A6C43B /* CameraCoordinator.swift */,
				DCB6893E2517AD1C001AD049 /* Models */,
			);
			path = Camera;
			sourceTree = "<group>";
		};
		DC972BC2251258AD00A6C43B /* ScanImagePicker */ = {
			isa = PBXGroup;
			children = (
				DC972BC3251258C400A6C43B /* ScanImagePickerCoordinator.swift */,
				DCB3CE49251A4EB400D4EDFB /* Models */,
			);
			path = ScanImagePicker;
			sourceTree = "<group>";
		};
		DCAC3ED525158F5700F5DD59 /* Utils */ = {
			isa = PBXGroup;
			children = (
				DCAC3ED625158F6B00F5DD59 /* ThreadManager.swift */,
				09FDB4A2252FED7E007E8D7A /* UserSetting.swift */,
				DC8D715C256A90D6009B7606 /* NetworkRequest.swift */,
			);
			path = Utils;
			sourceTree = "<group>";
		};
		DCB1B5E32512DC6A00B1630C /* Views */ = {
			isa = PBXGroup;
			children = (
				DCB1B5E42512DC9D00B1630C /* GalleryView.swift */,
			);
			path = Views;
			sourceTree = "<group>";
		};
		DCB3CE49251A4EB400D4EDFB /* Models */ = {
			isa = PBXGroup;
			children = (
				DCB3CE4A251A4ED000D4EDFB /* ScanImagePickerData.swift */,
			);
			path = Models;
			sourceTree = "<group>";
		};
		DCB3CE4C251A5A3500D4EDFB /* Models */ = {
			isa = PBXGroup;
			children = (
				DCB3CE4D251A5A4400D4EDFB /* GalleryData.swift */,
				DC82E08D251ACCC800FB9CA7 /* GalleryCache.swift */,
				DCEBA926251B86C100932A0E /* GalleryModel.swift */,
			);
			path = Models;
			sourceTree = "<group>";
		};
		DCB5C6C02556EF9B00E87733 /* SettingScreen */ = {
			isa = PBXGroup;
			children = (
				DC89011825580E41001318D7 /* SettingCoordinator.swift */,
				DC8DB87F25584A3F00F8437F /* ConnectionStatusCoordinator.swift */,
				DC4F8D1D2560CB0300EA616C /* ProductIDCoordinator.swift */,
				DC455B002568F0EC00A0089F /* WifiSelectionCoordinator.swift */,
				DCB5C6C52556FA6900E87733 /* SettingViewController.swift */,
				DC89012325583FA8001318D7 /* ConnectionStatusViewController.swift */,
				DC4F8D192560C81600EA616C /* ProductIDViewController.swift */,
				DC455B052568F20C00A0089F /* WifiSelectionTableViewController.swift */,
				DCB5C6C82557063200E87733 /* Models */,
				DCB5C6C12556EFBB00E87733 /* Views */,
			);
			path = SettingScreen;
			sourceTree = "<group>";
		};
		DCB5C6C12556EFBB00E87733 /* Views */ = {
			isa = PBXGroup;
			children = (
				DCB5C6C22556EFD700E87733 /* SettingView.swift */,
				DC89011A25582A6A001318D7 /* ConnectionStatusView.swift */,
				DCA49DDF255A210B007B6A7B /* ProductIDView.swift */,
			);
			path = Views;
			sourceTree = "<group>";
		};
		DCB5C6C82557063200E87733 /* Models */ = {
			isa = PBXGroup;
			children = (
				DCB5C6C92557063F00E87733 /* SettingModel.swift */,
				DC455AF92568E89300A0089F /* ConnectionUserSetting.swift */,
			);
			path = Models;
			sourceTree = "<group>";
		};
		DCB6893E2517AD1C001AD049 /* Models */ = {
			isa = PBXGroup;
			children = (
				DCB6893F2517AD29001AD049 /* CameraData.swift */,
			);
			path = Models;
			sourceTree = "<group>";
		};
		DCC58869251F5774008EFD7B /* Extension */ = {
			isa = PBXGroup;
			children = (
				DC8DB881255851A000F8437F /* UIButton+Extension.swift */,
				DC4F8D222560E1A900EA616C /* UITextField+Extension.swift */,
				DC301E422558D1BC00E9B50D /* UIViewController+Extension.swift */,
			);
			path = Extension;
			sourceTree = "<group>";
		};
		DCC826E4252E045D00DBD037 /* Models */ = {
			isa = PBXGroup;
			children = (
				DCC826E5252E047B00DBD037 /* FilterData.swift */,
				09FDB4A5252FEE5E007E8D7A /* AdaptiveParamUserSetting.swift */,
				DC9F070D25314818005A517B /* DilateParamUserSetting.swift */,
				DC3F5E95253159CB007B6B3E /* ErodeParamUserSetting.swift */,
			);
			path = Models;
			sourceTree = "<group>";
		};
		DCD2C739252D540F00CC391C /* Filter */ = {
			isa = PBXGroup;
			children = (
				DCD2C73F252D54C600CC391C /* FilterCoordinator.swift */,
				DCD2C73D252D546500CC391C /* FilterViewController.swift */,
				DCC826E4252E045D00DBD037 /* Models */,
				DCD2C73A252D542800CC391C /* Views */,
			);
			path = Filter;
			sourceTree = "<group>";
		};
		DCD2C73A252D542800CC391C /* Views */ = {
			isa = PBXGroup;
			children = (
				DCD2C73B252D543500CC391C /* FilterView.swift */,
			);
			path = Views;
			sourceTree = "<group>";
		};
		DCE0E72E250AFB2C00971B22 /* Components */ = {
			isa = PBXGroup;
			children = (
				DCE0E732250AFE2300971B22 /* AlertView.swift */,
				DC82CC942517058900403550 /* SCANDODateFormatter.swift */,
			);
			path = Components;
			sourceTree = "<group>";
		};
		DCE0E72F250AFB3700971B22 /* Constant */ = {
			isa = PBXGroup;
			children = (
				DCE0E730250AFB5F00971B22 /* SCANDOConstant.swift */,
			);
			path = Constant;
			sourceTree = "<group>";
		};
		DCE7EE3C25367ED100D7B074 /* CloudKitEntitlements */ = {
			isa = PBXGroup;
			children = (
				DC5A8F232535377A00971510 /* DEV🛠.entitlements */,
				DCEFA2F0253684640082EF54 /* SCANDO.entitlements */,
			);
			path = CloudKitEntitlements;
			sourceTree = "<group>";
		};
		DCE9228F2516E4BA00A30804 /* Models */ = {
			isa = PBXGroup;
			children = (
				DCE922902516E4CB00A30804 /* ScanAlbumsModel.swift */,
			);
			path = Models;
			sourceTree = "<group>";
		};
/* End PBXGroup section */

/* Begin PBXNativeTarget section */
		0901C69625038A320051FF16 /* Production */ = {
			isa = PBXNativeTarget;
			buildConfigurationList = 0901C6AE25038A340051FF16 /* Build configuration list for PBXNativeTarget "Production" */;
			buildPhases = (
				0901C69325038A320051FF16 /* Sources */,
				0901C69425038A320051FF16 /* Frameworks */,
				0901C69525038A320051FF16 /* Resources */,
				DC0932EE253876B6007C3A10 /* Copy Carthage Frameworks */,
			);
			buildRules = (
			);
			dependencies = (
			);
			name = Production;
			productName = KingMaster;
			productReference = 0901C69725038A320051FF16 /* SCANDO.app */;
			productType = "com.apple.product-type.application";
		};
		DCD7350B252CACF70046775E /* Sandbox */ = {
			isa = PBXNativeTarget;
			buildConfigurationList = DCD7354B252CACF70046775E /* Build configuration list for PBXNativeTarget "Sandbox" */;
			buildPhases = (
				DCD7350C252CACF70046775E /* Sources */,
				DCD7353D252CACF70046775E /* Frameworks */,
				DCD73541252CACF70046775E /* Resources */,
				DC0932F025387E19007C3A10 /* Copy Carthage Frameworks */,
			);
			buildRules = (
			);
			dependencies = (
			);
			name = Sandbox;
			productName = KingMaster;
			productReference = DCD7354E252CACF70046775E /* DEV🛠.app */;
			productType = "com.apple.product-type.application";
		};
/* End PBXNativeTarget section */

/* Begin PBXProject section */
		0901C68F25038A320051FF16 /* Project object */ = {
			isa = PBXProject;
			attributes = {
				LastSwiftUpdateCheck = 1130;
				LastUpgradeCheck = 1130;
				ORGANIZATIONNAME = "Ricki Bin Yamin";
				TargetAttributes = {
					0901C69625038A320051FF16 = {
						CreatedOnToolsVersion = 11.3.1;
					};
				};
			};
			buildConfigurationList = 0901C69225038A320051FF16 /* Build configuration list for PBXProject "KingMaster" */;
			compatibilityVersion = "Xcode 9.3";
			developmentRegion = en;
			hasScannedForEncodings = 0;
			knownRegions = (
				en,
				Base,
			);
			mainGroup = 0901C68E25038A320051FF16;
			productRefGroup = 0901C69825038A320051FF16 /* Products */;
			projectDirPath = "";
			projectRoot = "";
			targets = (
				0901C69625038A320051FF16 /* Production */,
				DCD7350B252CACF70046775E /* Sandbox */,
			);
		};
/* End PBXProject section */

/* Begin PBXResourcesBuildPhase section */
		0901C69525038A320051FF16 /* Resources */ = {
			isa = PBXResourcesBuildPhase;
			buildActionMask = 2147483647;
			files = (
				DC832C56251F4238001D54C0 /* RBCameraDocScan.bundle in Resources */,
				0901C6AA25038A340051FF16 /* LaunchScreen.storyboard in Resources */,
				DC46E1452521686E000ED989 /* README.md in Resources */,
				0901C6A725038A340051FF16 /* Assets.xcassets in Resources */,
			);
			runOnlyForDeploymentPostprocessing = 0;
		};
		DCD73541252CACF70046775E /* Resources */ = {
			isa = PBXResourcesBuildPhase;
			buildActionMask = 2147483647;
			files = (
				DCD73542252CACF70046775E /* RBCameraDocScan.bundle in Resources */,
				DCD73543252CACF70046775E /* LaunchScreen.storyboard in Resources */,
				DCD73544252CACF70046775E /* README.md in Resources */,
				DCD73545252CACF70046775E /* Assets.xcassets in Resources */,
			);
			runOnlyForDeploymentPostprocessing = 0;
		};
/* End PBXResourcesBuildPhase section */

/* Begin PBXShellScriptBuildPhase section */
		DC0932EE253876B6007C3A10 /* Copy Carthage Frameworks */ = {
			isa = PBXShellScriptBuildPhase;
			buildActionMask = 2147483647;
			files = (
			);
			inputFileListPaths = (
			);
			inputPaths = (
				"$(SRCROOT)/Carthage/Build/iOS/RBCameraDocScan.framework",
				"$(SRCROOT)/Carthage/Build/iOS/RBImageProcessor.framework",
				"$(SRCROOT)/Carthage/Build/iOS/RBPhotosGallery.framework",
				"$(SRCROOT)/Carthage/Build/iOS/RBToolkit.framework",
			);
			name = "Copy Carthage Frameworks";
			outputFileListPaths = (
			);
			outputPaths = (
			);
			runOnlyForDeploymentPostprocessing = 0;
			shellPath = /bin/sh;
			shellScript = "/usr/local/bin/carthage copy-frameworks\n";
		};
		DC0932F025387E19007C3A10 /* Copy Carthage Frameworks */ = {
			isa = PBXShellScriptBuildPhase;
			buildActionMask = 2147483647;
			files = (
			);
			inputFileListPaths = (
			);
			inputPaths = (
				"$(SRCROOT)/Carthage/Build/iOS/RBCameraDocScan.framework",
				"$(SRCROOT)/Carthage/Build/iOS/RBImageProcessor.framework",
				"$(SRCROOT)/Carthage/Build/iOS/RBPhotosGallery.framework",
				"$(SRCROOT)/Carthage/Build/iOS/RBToolkit.framework",
			);
			name = "Copy Carthage Frameworks";
			outputFileListPaths = (
			);
			outputPaths = (
			);
			runOnlyForDeploymentPostprocessing = 0;
			shellPath = /bin/sh;
			shellScript = "/usr/local/bin/carthage copy-frameworks\n";
		};
/* End PBXShellScriptBuildPhase section */

/* Begin PBXSourcesBuildPhase section */
		0901C69325038A320051FF16 /* Sources */ = {
			isa = PBXSourcesBuildPhase;
			buildActionMask = 2147483647;
			files = (
				DCB5C6C62556FA6900E87733 /* SettingViewController.swift in Sources */,
				DC215A1F25166321006D409A /* Document+CoreDataProperties.swift in Sources */,
				DC455B012568F0EC00A0089F /* WifiSelectionCoordinator.swift in Sources */,
				DC82CC952517058900403550 /* SCANDODateFormatter.swift in Sources */,
				09C8ADAE25065154004BA0F7 /* Router.swift in Sources */,
				DC455AFA2568E89300A0089F /* ConnectionUserSetting.swift in Sources */,
				DC3F5E96253159CB007B6B3E /* ErodeParamUserSetting.swift in Sources */,
				09FDB4A6252FEE5E007E8D7A /* AdaptiveParamUserSetting.swift in Sources */,
				DC215A1D25166321006D409A /* QuadPoint+CoreDataProperties.swift in Sources */,
				DCE0E731250AFB5F00971B22 /* SCANDOConstant.swift in Sources */,
				DC0FAC10253C462F0033593C /* LauncScreenViewController.swift in Sources */,
				DCA49DE0255A210B007B6A7B /* ProductIDView.swift in Sources */,
				097A18A825046E660044D5FB /* ScanAlbumsViewController.swift in Sources */,
				7206EAF1250C73F200A3DA4A /* GalleryCoordinator.swift in Sources */,
				09C8ADB2250653FF004BA0F7 /* AppCoordinator.swift in Sources */,
				DC301E432558D1BC00E9B50D /* UIViewController+Extension.swift in Sources */,
				DC82CC972517109E00403550 /* PreviewModel.swift in Sources */,
				DCAC3ED725158F6B00F5DD59 /* ThreadManager.swift in Sources */,
				DC75E59A25138C9400186F30 /* EditScanView.swift in Sources */,
				0901C6A525038A320051FF16 /* KingMaster.xcdatamodeld in Sources */,
				DCE922912516E4CB00A30804 /* ScanAlbumsModel.swift in Sources */,
				DC455B062568F20C00A0089F /* WifiSelectionTableViewController.swift in Sources */,
				09C8ADAC2506511F004BA0F7 /* Coordinator.swift in Sources */,
				DC82E08E251ACCC800FB9CA7 /* GalleryCache.swift in Sources */,
				DC972BC4251258C400A6C43B /* ScanImagePickerCoordinator.swift in Sources */,
				DCB5C6CA2557063F00E87733 /* SettingModel.swift in Sources */,
				DC8D715D256A90D6009B7606 /* NetworkRequest.swift in Sources */,
				0922627525053E0B00BDDB90 /* DocumentGroupViewController.swift in Sources */,
				DCB3CE4E251A5A4400D4EDFB /* GalleryData.swift in Sources */,
				DC215A2025166321006D409A /* DocumentImage+CoreDataClass.swift in Sources */,
				DC215A2125166321006D409A /* DocumentImage+CoreDataProperties.swift in Sources */,
				DC9F070E25314818005A517B /* DilateParamUserSetting.swift in Sources */,
				DC215A1C25166321006D409A /* QuadPoint+CoreDataClass.swift in Sources */,
				DC7129912515736A00ACCB2B /* PreviewCoordinator.swift in Sources */,
				DC8DB882255851A000F8437F /* UIButton+Extension.swift in Sources */,
				DC4CD0032514FB51000A84BC /* PreviewView.swift in Sources */,
				DC89011925580E41001318D7 /* SettingCoordinator.swift in Sources */,
				DCB5C6C32556EFD700E87733 /* SettingView.swift in Sources */,
				DCC826E6252E047B00DBD037 /* FilterData.swift in Sources */,
				DC82E091251AD38B00FB9CA7 /* DocumentGroupData.swift in Sources */,
				DCB689402517AD29001AD049 /* CameraData.swift in Sources */,
				DC215A2325166321006D409A /* DocumentGroup+CoreDataProperties.swift in Sources */,
				09FDB4A3252FED7E007E8D7A /* UserSetting.swift in Sources */,
				DC89011B25582A6A001318D7 /* ConnectionStatusView.swift in Sources */,
				DC39BC7A2514AF590067DF71 /* EditScanCoordinator.swift in Sources */,
				0922627425053E0B00BDDB90 /* DocumentGroupView.swift in Sources */,
				09195CDA2504C429006CC8A4 /* ScanAlbumsTableViewCell.swift in Sources */,
				DC972BC12512454F00A6C43B /* CameraCoordinator.swift in Sources */,
				DCD2C740252D54C600CC391C /* FilterCoordinator.swift in Sources */,
				DCEBA927251B86C100932A0E /* GalleryModel.swift in Sources */,
				09C8ADB0250652BC004BA0F7 /* ScanAlbumsCoordinator.swift in Sources */,
				0901C69B25038A320051FF16 /* AppDelegate.swift in Sources */,
				097A18AC25046FD70044D5FB /* ScanAlbumsView.swift in Sources */,
				DC7129942515743200ACCB2B /* PreviewData.swift in Sources */,
				DCD2C73C252D543500CC391C /* FilterView.swift in Sources */,
				DC75E59C25138CBD00186F30 /* EditScanViewController.swift in Sources */,
				092E85D5250659B300A01F60 /* DocumentGroupCoordinator.swift in Sources */,
				DC4F8D1A2560C81600EA616C /* ProductIDViewController.swift in Sources */,
				0901C69D25038A320051FF16 /* SceneDelegate.swift in Sources */,
				DCB3CE4B251A4ED000D4EDFB /* ScanImagePickerData.swift in Sources */,
				7206EAEF250C704B00A3DA4A /* GalleryViewController.swift in Sources */,
				DC4CD0052514FB78000A84BC /* PreviewViewController.swift in Sources */,
				DCB1B5E52512DC9D00B1630C /* GalleryView.swift in Sources */,
				0922627625053E0B00BDDB90 /* DocumentGroupCollectionViewCell.swift in Sources */,
				DC4F8D1E2560CB0300EA616C /* ProductIDCoordinator.swift in Sources */,
				DCD2C73E252D546500CC391C /* FilterViewController.swift in Sources */,
				DC89012425583FA9001318D7 /* ConnectionStatusViewController.swift in Sources */,
				DC215A1E25166321006D409A /* Document+CoreDataClass.swift in Sources */,
				DC75E59F2513AA4700186F30 /* EditScanData.swift in Sources */,
				DC4F8D232560E1A900EA616C /* UITextField+Extension.swift in Sources */,
				DC8DB88025584A3F00F8437F /* ConnectionStatusCoordinator.swift in Sources */,
				DC215A2225166321006D409A /* DocumentGroup+CoreDataClass.swift in Sources */,
				DC215A262516640E006D409A /* DataManager.swift in Sources */,
				DCE0E733250AFE2300971B22 /* AlertView.swift in Sources */,
			);
			runOnlyForDeploymentPostprocessing = 0;
		};
		DCD7350C252CACF70046775E /* Sources */ = {
			isa = PBXSourcesBuildPhase;
			buildActionMask = 2147483647;
			files = (
				DCB5C6C72556FA6900E87733 /* SettingViewController.swift in Sources */,
				DCD7350D252CACF70046775E /* Document+CoreDataProperties.swift in Sources */,
				DC455B022568F0EC00A0089F /* WifiSelectionCoordinator.swift in Sources */,
				DCD7350E252CACF70046775E /* SCANDODateFormatter.swift in Sources */,
				DCD7350F252CACF70046775E /* Router.swift in Sources */,
				DC455AFB2568E89300A0089F /* ConnectionUserSetting.swift in Sources */,
				DC3F5E9725315AEC007B6B3E /* ErodeParamUserSetting.swift in Sources */,
				09FDB4A7252FEE5E007E8D7A /* AdaptiveParamUserSetting.swift in Sources */,
				DCD73510252CACF70046775E /* QuadPoint+CoreDataProperties.swift in Sources */,
				DCD73511252CACF70046775E /* SCANDOConstant.swift in Sources */,
				DC0FAC11253C469E0033593C /* LauncScreenViewController.swift in Sources */,
				DCD73512252CACF70046775E /* ScanAlbumsViewController.swift in Sources */,
				DCD73513252CACF70046775E /* GalleryCoordinator.swift in Sources */,
				DCD73514252CACF70046775E /* AppCoordinator.swift in Sources */,
				DC301E442558D1BC00E9B50D /* UIViewController+Extension.swift in Sources */,
				DCD73515252CACF70046775E /* PreviewModel.swift in Sources */,
				DCD73516252CACF70046775E /* ThreadManager.swift in Sources */,
				DCD238EF252DF18B00E7C0A3 /* FilterView.swift in Sources */,
				DCD238ED252DF18400E7C0A3 /* FilterCoordinator.swift in Sources */,
				DCD73517252CACF70046775E /* EditScanView.swift in Sources */,
				DCD73518252CACF70046775E /* KingMaster.xcdatamodeld in Sources */,
				DC455B072568F20C00A0089F /* WifiSelectionTableViewController.swift in Sources */,
				DCD73519252CACF70046775E /* ScanAlbumsModel.swift in Sources */,
				DCD7351A252CACF70046775E /* Coordinator.swift in Sources */,
				DCB5C6CB2557063F00E87733 /* SettingModel.swift in Sources */,
				DC301E402558C38500E9B50D /* SettingCoordinator.swift in Sources */,
				DC8D715E256A90D6009B7606 /* NetworkRequest.swift in Sources */,
				DC4F8D1C2560C81B00EA616C /* ProductIDView.swift in Sources */,
				DCD7351B252CACF70046775E /* GalleryCache.swift in Sources */,
				DCD7351C252CACF70046775E /* ScanImagePickerCoordinator.swift in Sources */,
				DCD7351D252CACF70046775E /* DocumentGroupViewController.swift in Sources */,
				DCD7351E252CACF70046775E /* GalleryData.swift in Sources */,
				DC9F070F253149B5005A517B /* DilateParamUserSetting.swift in Sources */,
				DCD7351F252CACF70046775E /* DocumentImage+CoreDataClass.swift in Sources */,
				DCD73520252CACF70046775E /* DocumentImage+CoreDataProperties.swift in Sources */,
				DCD73521252CACF70046775E /* QuadPoint+CoreDataClass.swift in Sources */,
				DCB5C6C42556EFD700E87733 /* SettingView.swift in Sources */,
				DCC826E7252E04F600DBD037 /* FilterData.swift in Sources */,
				DCD73522252CACF70046775E /* PreviewCoordinator.swift in Sources */,
				DCD73523252CACF70046775E /* PreviewView.swift in Sources */,
				DCD73524252CACF70046775E /* DocumentGroupData.swift in Sources */,
				09FDB4A4252FED7E007E8D7A /* UserSetting.swift in Sources */,
				DCD73525252CACF70046775E /* CameraData.swift in Sources */,
				DC89011F25582C59001318D7 /* ConnectionStatusView.swift in Sources */,
				DCD73526252CACF70046775E /* DocumentGroup+CoreDataProperties.swift in Sources */,
				DCD73527252CACF70046775E /* EditScanCoordinator.swift in Sources */,
				DCD73528252CACF70046775E /* DocumentGroupView.swift in Sources */,
				DCD73529252CACF70046775E /* ScanAlbumsTableViewCell.swift in Sources */,
				DC301E3F2558C37300E9B50D /* UIButton+Extension.swift in Sources */,
				DCD7352A252CACF70046775E /* CameraCoordinator.swift in Sources */,
				DCD7352B252CACF70046775E /* GalleryModel.swift in Sources */,
				DCD7352C252CACF70046775E /* ScanAlbumsCoordinator.swift in Sources */,
				DCD7352D252CACF70046775E /* AppDelegate.swift in Sources */,
				DCD7352E252CACF70046775E /* ScanAlbumsView.swift in Sources */,
				DCD7352F252CACF70046775E /* PreviewData.swift in Sources */,
				DCD73530252CACF70046775E /* EditScanViewController.swift in Sources */,
				DC89012525583FA9001318D7 /* ConnectionStatusViewController.swift in Sources */,
				DCD73531252CACF70046775E /* DocumentGroupCoordinator.swift in Sources */,
				DCD73532252CACF70046775E /* SceneDelegate.swift in Sources */,
				DCD73533252CACF70046775E /* ScanImagePickerData.swift in Sources */,
				DCD73534252CACF70046775E /* GalleryViewController.swift in Sources */,
				DCD73535252CACF70046775E /* PreviewViewController.swift in Sources */,
				DCD73536252CACF70046775E /* GalleryView.swift in Sources */,
				DCD73537252CACF70046775E /* DocumentGroupCollectionViewCell.swift in Sources */,
				DC4F8D1F2560CB0300EA616C /* ProductIDCoordinator.swift in Sources */,
				DC4F8D1B2560C81600EA616C /* ProductIDViewController.swift in Sources */,
				DCD238EE252DF18700E7C0A3 /* FilterViewController.swift in Sources */,
				DC301E412558C38D00E9B50D /* ConnectionStatusCoordinator.swift in Sources */,
				DCD73538252CACF70046775E /* Document+CoreDataClass.swift in Sources */,
				DC4F8D242560E1A900EA616C /* UITextField+Extension.swift in Sources */,
				DCD73539252CACF70046775E /* EditScanData.swift in Sources */,
				DCD7353A252CACF70046775E /* DocumentGroup+CoreDataClass.swift in Sources */,
				DCD7353B252CACF70046775E /* DataManager.swift in Sources */,
				DCD7353C252CACF70046775E /* AlertView.swift in Sources */,
			);
			runOnlyForDeploymentPostprocessing = 0;
		};
/* End PBXSourcesBuildPhase section */

/* Begin PBXVariantGroup section */
		0901C6A825038A340051FF16 /* LaunchScreen.storyboard */ = {
			isa = PBXVariantGroup;
			children = (
				0901C6A925038A340051FF16 /* Base */,
			);
			name = LaunchScreen.storyboard;
			sourceTree = "<group>";
		};
/* End PBXVariantGroup section */

/* Begin XCBuildConfiguration section */
		0901C6AC25038A340051FF16 /* Debug */ = {
			isa = XCBuildConfiguration;
			buildSettings = {
				ALWAYS_SEARCH_USER_PATHS = NO;
				CLANG_ANALYZER_NONNULL = YES;
				CLANG_ANALYZER_NUMBER_OBJECT_CONVERSION = YES_AGGRESSIVE;
				CLANG_CXX_LANGUAGE_STANDARD = "gnu++14";
				CLANG_CXX_LIBRARY = "libc++";
				CLANG_ENABLE_MODULES = YES;
				CLANG_ENABLE_OBJC_ARC = YES;
				CLANG_ENABLE_OBJC_WEAK = YES;
				CLANG_WARN_BLOCK_CAPTURE_AUTORELEASING = YES;
				CLANG_WARN_BOOL_CONVERSION = YES;
				CLANG_WARN_COMMA = YES;
				CLANG_WARN_CONSTANT_CONVERSION = YES;
				CLANG_WARN_DEPRECATED_OBJC_IMPLEMENTATIONS = YES;
				CLANG_WARN_DIRECT_OBJC_ISA_USAGE = YES_ERROR;
				CLANG_WARN_DOCUMENTATION_COMMENTS = YES;
				CLANG_WARN_EMPTY_BODY = YES;
				CLANG_WARN_ENUM_CONVERSION = YES;
				CLANG_WARN_INFINITE_RECURSION = YES;
				CLANG_WARN_INT_CONVERSION = YES;
				CLANG_WARN_NON_LITERAL_NULL_CONVERSION = YES;
				CLANG_WARN_OBJC_IMPLICIT_RETAIN_SELF = YES;
				CLANG_WARN_OBJC_LITERAL_CONVERSION = YES;
				CLANG_WARN_OBJC_ROOT_CLASS = YES_ERROR;
				CLANG_WARN_RANGE_LOOP_ANALYSIS = YES;
				CLANG_WARN_STRICT_PROTOTYPES = YES;
				CLANG_WARN_SUSPICIOUS_MOVE = YES;
				CLANG_WARN_UNGUARDED_AVAILABILITY = YES_AGGRESSIVE;
				CLANG_WARN_UNREACHABLE_CODE = YES;
				CLANG_WARN__DUPLICATE_METHOD_MATCH = YES;
				COPY_PHASE_STRIP = NO;
				DEBUG_INFORMATION_FORMAT = dwarf;
				ENABLE_STRICT_OBJC_MSGSEND = YES;
				ENABLE_TESTABILITY = YES;
				GCC_C_LANGUAGE_STANDARD = gnu11;
				GCC_DYNAMIC_NO_PIC = NO;
				GCC_NO_COMMON_BLOCKS = YES;
				GCC_OPTIMIZATION_LEVEL = 0;
				GCC_PREPROCESSOR_DEFINITIONS = (
					"DEBUG=1",
					"$(inherited)",
				);
				GCC_WARN_64_TO_32_BIT_CONVERSION = YES;
				GCC_WARN_ABOUT_RETURN_TYPE = YES_ERROR;
				GCC_WARN_UNDECLARED_SELECTOR = YES;
				GCC_WARN_UNINITIALIZED_AUTOS = YES_AGGRESSIVE;
				GCC_WARN_UNUSED_FUNCTION = YES;
				GCC_WARN_UNUSED_VARIABLE = YES;
				IPHONEOS_DEPLOYMENT_TARGET = 13.2;
				MTL_ENABLE_DEBUG_INFO = INCLUDE_SOURCE;
				MTL_FAST_MATH = YES;
				ONLY_ACTIVE_ARCH = YES;
				SDKROOT = iphoneos;
				SWIFT_ACTIVE_COMPILATION_CONDITIONS = DEBUG;
				SWIFT_OPTIMIZATION_LEVEL = "-Onone";
			};
			name = Debug;
		};
		0901C6AD25038A340051FF16 /* Release */ = {
			isa = XCBuildConfiguration;
			buildSettings = {
				ALWAYS_SEARCH_USER_PATHS = NO;
				CLANG_ANALYZER_NONNULL = YES;
				CLANG_ANALYZER_NUMBER_OBJECT_CONVERSION = YES_AGGRESSIVE;
				CLANG_CXX_LANGUAGE_STANDARD = "gnu++14";
				CLANG_CXX_LIBRARY = "libc++";
				CLANG_ENABLE_MODULES = YES;
				CLANG_ENABLE_OBJC_ARC = YES;
				CLANG_ENABLE_OBJC_WEAK = YES;
				CLANG_WARN_BLOCK_CAPTURE_AUTORELEASING = YES;
				CLANG_WARN_BOOL_CONVERSION = YES;
				CLANG_WARN_COMMA = YES;
				CLANG_WARN_CONSTANT_CONVERSION = YES;
				CLANG_WARN_DEPRECATED_OBJC_IMPLEMENTATIONS = YES;
				CLANG_WARN_DIRECT_OBJC_ISA_USAGE = YES_ERROR;
				CLANG_WARN_DOCUMENTATION_COMMENTS = YES;
				CLANG_WARN_EMPTY_BODY = YES;
				CLANG_WARN_ENUM_CONVERSION = YES;
				CLANG_WARN_INFINITE_RECURSION = YES;
				CLANG_WARN_INT_CONVERSION = YES;
				CLANG_WARN_NON_LITERAL_NULL_CONVERSION = YES;
				CLANG_WARN_OBJC_IMPLICIT_RETAIN_SELF = YES;
				CLANG_WARN_OBJC_LITERAL_CONVERSION = YES;
				CLANG_WARN_OBJC_ROOT_CLASS = YES_ERROR;
				CLANG_WARN_RANGE_LOOP_ANALYSIS = YES;
				CLANG_WARN_STRICT_PROTOTYPES = YES;
				CLANG_WARN_SUSPICIOUS_MOVE = YES;
				CLANG_WARN_UNGUARDED_AVAILABILITY = YES_AGGRESSIVE;
				CLANG_WARN_UNREACHABLE_CODE = YES;
				CLANG_WARN__DUPLICATE_METHOD_MATCH = YES;
				COPY_PHASE_STRIP = NO;
				DEBUG_INFORMATION_FORMAT = "dwarf-with-dsym";
				ENABLE_NS_ASSERTIONS = NO;
				ENABLE_STRICT_OBJC_MSGSEND = YES;
				GCC_C_LANGUAGE_STANDARD = gnu11;
				GCC_NO_COMMON_BLOCKS = YES;
				GCC_WARN_64_TO_32_BIT_CONVERSION = YES;
				GCC_WARN_ABOUT_RETURN_TYPE = YES_ERROR;
				GCC_WARN_UNDECLARED_SELECTOR = YES;
				GCC_WARN_UNINITIALIZED_AUTOS = YES_AGGRESSIVE;
				GCC_WARN_UNUSED_FUNCTION = YES;
				GCC_WARN_UNUSED_VARIABLE = YES;
				IPHONEOS_DEPLOYMENT_TARGET = 13.2;
				MTL_ENABLE_DEBUG_INFO = NO;
				MTL_FAST_MATH = YES;
				SDKROOT = iphoneos;
				SWIFT_COMPILATION_MODE = wholemodule;
				SWIFT_OPTIMIZATION_LEVEL = "-O";
				VALIDATE_PRODUCT = YES;
			};
			name = Release;
		};
		0901C6AF25038A340051FF16 /* Debug */ = {
			isa = XCBuildConfiguration;
			buildSettings = {
				ASSETCATALOG_COMPILER_APPICON_NAME = AppIcon;
				CODE_SIGN_ENTITLEMENTS = KingMaster/Data/CloudKitEntitlements/SCANDO.entitlements;
				CODE_SIGN_STYLE = Automatic;
				CURRENT_PROJECT_VERSION = 1;
				DEVELOPMENT_TEAM = 6NMANHT3A2;
				FRAMEWORK_SEARCH_PATHS = (
					"$(inherited)",
					"$(PROJECT_DIR)/Carthage/Build/iOS",
				);
				INFOPLIST_FILE = KingMaster/Info.plist;
				IPHONEOS_DEPLOYMENT_TARGET = 13.0;
				LD_RUNPATH_SEARCH_PATHS = (
					"$(inherited)",
					"@executable_path/Frameworks",
				);
				MARKETING_VERSION = 0.1.4;
				OTHER_SWIFT_FLAGS = "-DPRODUCTION";
				PRODUCT_BUNDLE_IDENTIFIER = id.erbe.apps.SCANDO;
				PRODUCT_NAME = SCANDO;
				SWIFT_VERSION = 5.0;
				TARGETED_DEVICE_FAMILY = 1;
			};
			name = Debug;
		};
		0901C6B025038A340051FF16 /* Release */ = {
			isa = XCBuildConfiguration;
			buildSettings = {
				ASSETCATALOG_COMPILER_APPICON_NAME = AppIcon;
				CODE_SIGN_ENTITLEMENTS = KingMaster/Data/CloudKitEntitlements/SCANDO.entitlements;
				CODE_SIGN_STYLE = Automatic;
				CURRENT_PROJECT_VERSION = 1;
				DEVELOPMENT_TEAM = 6NMANHT3A2;
				FRAMEWORK_SEARCH_PATHS = (
					"$(inherited)",
					"$(PROJECT_DIR)/Carthage/Build/iOS",
				);
				INFOPLIST_FILE = KingMaster/Info.plist;
				IPHONEOS_DEPLOYMENT_TARGET = 13.0;
				LD_RUNPATH_SEARCH_PATHS = (
					"$(inherited)",
					"@executable_path/Frameworks",
				);
				MARKETING_VERSION = 0.1.4;
				OTHER_SWIFT_FLAGS = "-DPRODUCTION";
				PRODUCT_BUNDLE_IDENTIFIER = id.erbe.apps.SCANDO;
				PRODUCT_NAME = SCANDO;
				SWIFT_VERSION = 5.0;
				TARGETED_DEVICE_FAMILY = 1;
			};
			name = Release;
		};
		DCD7354C252CACF70046775E /* Debug */ = {
			isa = XCBuildConfiguration;
			buildSettings = {
				ASSETCATALOG_COMPILER_APPICON_NAME = AppIcon;
				CODE_SIGN_ENTITLEMENTS = "KingMaster/Data/CloudKitEntitlements/DEV🛠.entitlements";
				CODE_SIGN_STYLE = Automatic;
				CURRENT_PROJECT_VERSION = 1;
				DEVELOPMENT_TEAM = 6NMANHT3A2;
				FRAMEWORK_SEARCH_PATHS = (
					"$(inherited)",
					"$(PROJECT_DIR)/Carthage/Build/iOS",
				);
				INFOPLIST_FILE = KingMaster/Info.plist;
				IPHONEOS_DEPLOYMENT_TARGET = 13.0;
				LD_RUNPATH_SEARCH_PATHS = (
					"$(inherited)",
					"@executable_path/Frameworks",
				);
				MARKETING_VERSION = 0.1.4;
				OTHER_SWIFT_FLAGS = "-DSANDBOX";
				PRODUCT_BUNDLE_IDENTIFIER = id.erbe.apps.dev.SCANDO;
				PRODUCT_NAME = "DEV🛠";
				SWIFT_VERSION = 5.0;
				TARGETED_DEVICE_FAMILY = 1;
			};
			name = Debug;
		};
		DCD7354D252CACF70046775E /* Release */ = {
			isa = XCBuildConfiguration;
			buildSettings = {
				ASSETCATALOG_COMPILER_APPICON_NAME = AppIcon;
				CODE_SIGN_ENTITLEMENTS = "KingMaster/Data/CloudKitEntitlements/DEV🛠.entitlements";
				CODE_SIGN_STYLE = Automatic;
				CURRENT_PROJECT_VERSION = 1;
				DEVELOPMENT_TEAM = 6NMANHT3A2;
				FRAMEWORK_SEARCH_PATHS = (
					"$(inherited)",
					"$(PROJECT_DIR)/Carthage/Build/iOS",
				);
				INFOPLIST_FILE = KingMaster/Info.plist;
				IPHONEOS_DEPLOYMENT_TARGET = 13.0;
				LD_RUNPATH_SEARCH_PATHS = (
					"$(inherited)",
					"@executable_path/Frameworks",
				);
				MARKETING_VERSION = 0.1.4;
				OTHER_SWIFT_FLAGS = "-DSANDBOX";
				PRODUCT_BUNDLE_IDENTIFIER = id.erbe.apps.dev.SCANDO;
				PRODUCT_NAME = "DEV🛠";
				SWIFT_VERSION = 5.0;
				TARGETED_DEVICE_FAMILY = 1;
			};
			name = Release;
		};
/* End XCBuildConfiguration section */

/* Begin XCConfigurationList section */
		0901C69225038A320051FF16 /* Build configuration list for PBXProject "KingMaster" */ = {
			isa = XCConfigurationList;
			buildConfigurations = (
				0901C6AC25038A340051FF16 /* Debug */,
				0901C6AD25038A340051FF16 /* Release */,
			);
			defaultConfigurationIsVisible = 0;
			defaultConfigurationName = Release;
		};
		0901C6AE25038A340051FF16 /* Build configuration list for PBXNativeTarget "Production" */ = {
			isa = XCConfigurationList;
			buildConfigurations = (
				0901C6AF25038A340051FF16 /* Debug */,
				0901C6B025038A340051FF16 /* Release */,
			);
			defaultConfigurationIsVisible = 0;
			defaultConfigurationName = Release;
		};
		DCD7354B252CACF70046775E /* Build configuration list for PBXNativeTarget "Sandbox" */ = {
			isa = XCConfigurationList;
			buildConfigurations = (
				DCD7354C252CACF70046775E /* Debug */,
				DCD7354D252CACF70046775E /* Release */,
			);
			defaultConfigurationIsVisible = 0;
			defaultConfigurationName = Release;
		};
/* End XCConfigurationList section */

/* Begin XCVersionGroup section */
		0901C6A325038A320051FF16 /* KingMaster.xcdatamodeld */ = {
			isa = XCVersionGroup;
			children = (
				0901C6A425038A320051FF16 /* KingMaster.xcdatamodel */,
			);
			currentVersion = 0901C6A425038A320051FF16 /* KingMaster.xcdatamodel */;
			path = KingMaster.xcdatamodeld;
			sourceTree = "<group>";
			versionGroupType = wrapper.xcdatamodel;
		};
/* End XCVersionGroup section */
	};
	rootObject = 0901C68F25038A320051FF16 /* Project object */;
}
